// !$*UTF8*$!
{
	archiveVersion = 1;
	classes = {
	};
	objectVersion = 46;
	objects = {

/* Begin PBXBuildFile section */
		C026A7391B39072C00E24908 /* FirstWizardViewController.swift in Sources */ = {isa = PBXBuildFile; fileRef = C026A7381B39072C00E24908 /* FirstWizardViewController.swift */; };
		C026A7421B3907D800E24908 /* SecondWizardViewController.swift in Sources */ = {isa = PBXBuildFile; fileRef = C026A7411B3907D800E24908 /* SecondWizardViewController.swift */; };
		C026A7441B39080000E24908 /* ThridWizardViewController.swift in Sources */ = {isa = PBXBuildFile; fileRef = C026A7431B39080000E24908 /* ThridWizardViewController.swift */; };
		C026A7461B39149100E24908 /* WizardTableViewCell.swift in Sources */ = {isa = PBXBuildFile; fileRef = C026A7451B39149100E24908 /* WizardTableViewCell.swift */; };
		C039BEAD1B3A7E1C00C8D5CE /* Utility.swift in Sources */ = {isa = PBXBuildFile; fileRef = C039BEAC1B3A7E1C00C8D5CE /* Utility.swift */; };
		C072C5441B369C680055BAFE /* SignUpViewController.swift in Sources */ = {isa = PBXBuildFile; fileRef = C072C5431B369C680055BAFE /* SignUpViewController.swift */; };
		C0C5C14C1B368B3D0035C0BF /* CustomTableViewCell.swift in Sources */ = {isa = PBXBuildFile; fileRef = C0C5C14B1B368B3D0035C0BF /* CustomTableViewCell.swift */; };
		C0C8F9001B2ED89E00D698FC /* AppDelegate.swift in Sources */ = {isa = PBXBuildFile; fileRef = C0C8F8FF1B2ED89E00D698FC /* AppDelegate.swift */; };
		C0C8F9021B2ED89E00D698FC /* LoginViewController.swift in Sources */ = {isa = PBXBuildFile; fileRef = C0C8F9011B2ED89E00D698FC /* LoginViewController.swift */; };
		C0C8F9051B2ED89E00D698FC /* Main.storyboard in Resources */ = {isa = PBXBuildFile; fileRef = C0C8F9031B2ED89E00D698FC /* Main.storyboard */; };
		C0C8F9071B2ED89E00D698FC /* Images.xcassets in Resources */ = {isa = PBXBuildFile; fileRef = C0C8F9061B2ED89E00D698FC /* Images.xcassets */; };
		C0C8F90A1B2ED89E00D698FC /* LaunchScreen.xib in Resources */ = {isa = PBXBuildFile; fileRef = C0C8F9081B2ED89E00D698FC /* LaunchScreen.xib */; };
		C0C8F9161B2ED89E00D698FC /* ziliuxueTests.swift in Sources */ = {isa = PBXBuildFile; fileRef = C0C8F9151B2ED89E00D698FC /* ziliuxueTests.swift */; };
/* End PBXBuildFile section */

/* Begin PBXContainerItemProxy section */
		C0C8F9101B2ED89E00D698FC /* PBXContainerItemProxy */ = {
			isa = PBXContainerItemProxy;
			containerPortal = C0C8F8F21B2ED89E00D698FC /* Project object */;
			proxyType = 1;
			remoteGlobalIDString = C0C8F8F91B2ED89E00D698FC;
			remoteInfo = ziliuxue;
		};
/* End PBXContainerItemProxy section */

/* Begin PBXFileReference section */
		C026A7381B39072C00E24908 /* FirstWizardViewController.swift */ = {isa = PBXFileReference; fileEncoding = 4; lastKnownFileType = sourcecode.swift; path = FirstWizardViewController.swift; sourceTree = "<group>"; };
		C026A7411B3907D800E24908 /* SecondWizardViewController.swift */ = {isa = PBXFileReference; fileEncoding = 4; lastKnownFileType = sourcecode.swift; path = SecondWizardViewController.swift; sourceTree = "<group>"; };
		C026A7431B39080000E24908 /* ThridWizardViewController.swift */ = {isa = PBXFileReference; fileEncoding = 4; lastKnownFileType = sourcecode.swift; path = ThridWizardViewController.swift; sourceTree = "<group>"; };
		C026A7451B39149100E24908 /* WizardTableViewCell.swift */ = {isa = PBXFileReference; fileEncoding = 4; lastKnownFileType = sourcecode.swift; path = WizardTableViewCell.swift; sourceTree = "<group>"; };
		C039BEAC1B3A7E1C00C8D5CE /* Utility.swift */ = {isa = PBXFileReference; fileEncoding = 4; lastKnownFileType = sourcecode.swift; path = Utility.swift; sourceTree = "<group>"; };
		C072C5431B369C680055BAFE /* SignUpViewController.swift */ = {isa = PBXFileReference; fileEncoding = 4; lastKnownFileType = sourcecode.swift; path = SignUpViewController.swift; sourceTree = "<group>"; };
		C0C5C14B1B368B3D0035C0BF /* CustomTableViewCell.swift */ = {isa = PBXFileReference; fileEncoding = 4; lastKnownFileType = sourcecode.swift; path = CustomTableViewCell.swift; sourceTree = "<group>"; };
		C0C8F8FA1B2ED89E00D698FC /* ziliuxue.app */ = {isa = PBXFileReference; explicitFileType = wrapper.application; includeInIndex = 0; path = ziliuxue.app; sourceTree = BUILT_PRODUCTS_DIR; };
		C0C8F8FE1B2ED89E00D698FC /* Info.plist */ = {isa = PBXFileReference; lastKnownFileType = text.plist.xml; path = Info.plist; sourceTree = "<group>"; };
		C0C8F8FF1B2ED89E00D698FC /* AppDelegate.swift */ = {isa = PBXFileReference; lastKnownFileType = sourcecode.swift; path = AppDelegate.swift; sourceTree = "<group>"; };
		C0C8F9011B2ED89E00D698FC /* LoginViewController.swift */ = {isa = PBXFileReference; lastKnownFileType = sourcecode.swift; path = LoginViewController.swift; sourceTree = "<group>"; };
		C0C8F9041B2ED89E00D698FC /* Base */ = {isa = PBXFileReference; lastKnownFileType = file.storyboard; name = Base; path = Base.lproj/Main.storyboard; sourceTree = "<group>"; };
		C0C8F9061B2ED89E00D698FC /* Images.xcassets */ = {isa = PBXFileReference; lastKnownFileType = folder.assetcatalog; path = Images.xcassets; sourceTree = "<group>"; };
		C0C8F9091B2ED89E00D698FC /* Base */ = {isa = PBXFileReference; lastKnownFileType = file.xib; name = Base; path = Base.lproj/LaunchScreen.xib; sourceTree = "<group>"; };
		C0C8F90F1B2ED89E00D698FC /* ziliuxueTests.xctest */ = {isa = PBXFileReference; explicitFileType = wrapper.cfbundle; includeInIndex = 0; path = ziliuxueTests.xctest; sourceTree = BUILT_PRODUCTS_DIR; };
		C0C8F9141B2ED89E00D698FC /* Info.plist */ = {isa = PBXFileReference; lastKnownFileType = text.plist.xml; path = Info.plist; sourceTree = "<group>"; };
		C0C8F9151B2ED89E00D698FC /* ziliuxueTests.swift */ = {isa = PBXFileReference; lastKnownFileType = sourcecode.swift; path = ziliuxueTests.swift; sourceTree = "<group>"; };
/* End PBXFileReference section */

/* Begin PBXFrameworksBuildPhase section */
		C0C8F8F71B2ED89E00D698FC /* Frameworks */ = {
			isa = PBXFrameworksBuildPhase;
			buildActionMask = 2147483647;
			files = (
			);
			runOnlyForDeploymentPostprocessing = 0;
		};
		C0C8F90C1B2ED89E00D698FC /* Frameworks */ = {
			isa = PBXFrameworksBuildPhase;
			buildActionMask = 2147483647;
			files = (
			);
			runOnlyForDeploymentPostprocessing = 0;
		};
/* End PBXFrameworksBuildPhase section */

/* Begin PBXGroup section */
		C026A73A1B39074400E24908 /* ViewController */ = {
			isa = PBXGroup;
			children = (
				C0C5C14B1B368B3D0035C0BF /* CustomTableViewCell.swift */,
				C026A73C1B39076800E24908 /* Login & Signup */,
				C026A73B1B39075300E24908 /* Wizards */,
			);
			name = ViewController;
			sourceTree = "<group>";
		};
		C026A73B1B39075300E24908 /* Wizards */ = {
			isa = PBXGroup;
			children = (
				C026A7381B39072C00E24908 /* FirstWizardViewController.swift */,
				C026A7411B3907D800E24908 /* SecondWizardViewController.swift */,
				C026A7431B39080000E24908 /* ThridWizardViewController.swift */,
				C026A7451B39149100E24908 /* WizardTableViewCell.swift */,
			);
			name = Wizards;
			sourceTree = "<group>";
		};
		C026A73C1B39076800E24908 /* Login & Signup */ = {
			isa = PBXGroup;
			children = (
				C0C8F9011B2ED89E00D698FC /* LoginViewController.swift */,
				C072C5431B369C680055BAFE /* SignUpViewController.swift */,
			);
			name = "Login & Signup";
			sourceTree = "<group>";
		};
		C0C8F8F11B2ED89E00D698FC = {
			isa = PBXGroup;
			children = (
				C0C8F8FC1B2ED89E00D698FC /* ziliuxue */,
				C0C8F9121B2ED89E00D698FC /* ziliuxueTests */,
				C0C8F8FB1B2ED89E00D698FC /* Products */,
			);
			sourceTree = "<group>";
		};
		C0C8F8FB1B2ED89E00D698FC /* Products */ = {
			isa = PBXGroup;
			children = (
				C0C8F8FA1B2ED89E00D698FC /* ziliuxue.app */,
				C0C8F90F1B2ED89E00D698FC /* ziliuxueTests.xctest */,
			);
			name = Products;
			sourceTree = "<group>";
		};
		C0C8F8FC1B2ED89E00D698FC /* ziliuxue */ = {
			isa = PBXGroup;
			children = (
				C026A73A1B39074400E24908 /* ViewController */,
				C0C8F8FD1B2ED89E00D698FC /* Supporting Files */,
			);
			path = ziliuxue;
			sourceTree = "<group>";
		};
		C0C8F8FD1B2ED89E00D698FC /* Supporting Files */ = {
			isa = PBXGroup;
			children = (
				C039BEAC1B3A7E1C00C8D5CE /* Utility.swift */,
				C0C8F8FF1B2ED89E00D698FC /* AppDelegate.swift */,
				C0C8F9031B2ED89E00D698FC /* Main.storyboard */,
				C0C8F9061B2ED89E00D698FC /* Images.xcassets */,
				C0C8F9081B2ED89E00D698FC /* LaunchScreen.xib */,
				C0C8F8FE1B2ED89E00D698FC /* Info.plist */,
			);
			name = "Supporting Files";
			sourceTree = "<group>";
		};
		C0C8F9121B2ED89E00D698FC /* ziliuxueTests */ = {
			isa = PBXGroup;
			children = (
				C0C8F9151B2ED89E00D698FC /* ziliuxueTests.swift */,
				C0C8F9131B2ED89E00D698FC /* Supporting Files */,
			);
			path = ziliuxueTests;
			sourceTree = "<group>";
		};
		C0C8F9131B2ED89E00D698FC /* Supporting Files */ = {
			isa = PBXGroup;
			children = (
				C0C8F9141B2ED89E00D698FC /* Info.plist */,
			);
			name = "Supporting Files";
			sourceTree = "<group>";
		};
/* End PBXGroup section */

/* Begin PBXNativeTarget section */
		C0C8F8F91B2ED89E00D698FC /* ziliuxue */ = {
			isa = PBXNativeTarget;
			buildConfigurationList = C0C8F9191B2ED89E00D698FC /* Build configuration list for PBXNativeTarget "ziliuxue" */;
			buildPhases = (
				C0C8F8F61B2ED89E00D698FC /* Sources */,
				C0C8F8F71B2ED89E00D698FC /* Frameworks */,
				C0C8F8F81B2ED89E00D698FC /* Resources */,
			);
			buildRules = (
			);
			dependencies = (
			);
			name = ziliuxue;
			productName = ziliuxue;
			productReference = C0C8F8FA1B2ED89E00D698FC /* ziliuxue.app */;
			productType = "com.apple.product-type.application";
		};
		C0C8F90E1B2ED89E00D698FC /* ziliuxueTests */ = {
			isa = PBXNativeTarget;
			buildConfigurationList = C0C8F91C1B2ED89E00D698FC /* Build configuration list for PBXNativeTarget "ziliuxueTests" */;
			buildPhases = (
				C0C8F90B1B2ED89E00D698FC /* Sources */,
				C0C8F90C1B2ED89E00D698FC /* Frameworks */,
				C0C8F90D1B2ED89E00D698FC /* Resources */,
			);
			buildRules = (
			);
			dependencies = (
				C0C8F9111B2ED89E00D698FC /* PBXTargetDependency */,
			);
			name = ziliuxueTests;
			productName = ziliuxueTests;
			productReference = C0C8F90F1B2ED89E00D698FC /* ziliuxueTests.xctest */;
			productType = "com.apple.product-type.bundle.unit-test";
		};
/* End PBXNativeTarget section */

/* Begin PBXProject section */
		C0C8F8F21B2ED89E00D698FC /* Project object */ = {
			isa = PBXProject;
			attributes = {
				LastSwiftUpdateCheck = 0700;
				LastUpgradeCheck = 0630;
				ORGANIZATIONNAME = ziliuxue;
				TargetAttributes = {
					C0C8F8F91B2ED89E00D698FC = {
						CreatedOnToolsVersion = 6.3.2;
						DevelopmentTeam = MA3FRWNL5H;
					};
					C0C8F90E1B2ED89E00D698FC = {
						CreatedOnToolsVersion = 6.3.2;
						TestTargetID = C0C8F8F91B2ED89E00D698FC;
					};
				};
			};
			buildConfigurationList = C0C8F8F51B2ED89E00D698FC /* Build configuration list for PBXProject "ziliuxue" */;
			compatibilityVersion = "Xcode 3.2";
			developmentRegion = English;
			hasScannedForEncodings = 0;
			knownRegions = (
				en,
				Base,
			);
			mainGroup = C0C8F8F11B2ED89E00D698FC;
			productRefGroup = C0C8F8FB1B2ED89E00D698FC /* Products */;
			projectDirPath = "";
			projectRoot = "";
			targets = (
				C0C8F8F91B2ED89E00D698FC /* ziliuxue */,
				C0C8F90E1B2ED89E00D698FC /* ziliuxueTests */,
			);
		};
/* End PBXProject section */

/* Begin PBXResourcesBuildPhase section */
		C0C8F8F81B2ED89E00D698FC /* Resources */ = {
			isa = PBXResourcesBuildPhase;
			buildActionMask = 2147483647;
			files = (
				C0C8F9051B2ED89E00D698FC /* Main.storyboard in Resources */,
				C0C8F90A1B2ED89E00D698FC /* LaunchScreen.xib in Resources */,
				C0C8F9071B2ED89E00D698FC /* Images.xcassets in Resources */,
			);
			runOnlyForDeploymentPostprocessing = 0;
		};
		C0C8F90D1B2ED89E00D698FC /* Resources */ = {
			isa = PBXResourcesBuildPhase;
			buildActionMask = 2147483647;
			files = (
			);
			runOnlyForDeploymentPostprocessing = 0;
		};
/* End PBXResourcesBuildPhase section */

/* Begin PBXSourcesBuildPhase section */
		C0C8F8F61B2ED89E00D698FC /* Sources */ = {
			isa = PBXSourcesBuildPhase;
			buildActionMask = 2147483647;
			files = (
				C026A7461B39149100E24908 /* WizardTableViewCell.swift in Sources */,
				C026A7391B39072C00E24908 /* FirstWizardViewController.swift in Sources */,
				C039BEAD1B3A7E1C00C8D5CE /* Utility.swift in Sources */,
				C0C5C14C1B368B3D0035C0BF /* CustomTableViewCell.swift in Sources */,
				C0C8F9021B2ED89E00D698FC /* LoginViewController.swift in Sources */,
				C072C5441B369C680055BAFE /* SignUpViewController.swift in Sources */,
				C026A7421B3907D800E24908 /* SecondWizardViewController.swift in Sources */,
				C026A7441B39080000E24908 /* ThridWizardViewController.swift in Sources */,
				C0C8F9001B2ED89E00D698FC /* AppDelegate.swift in Sources */,
			);
			runOnlyForDeploymentPostprocessing = 0;
		};
		C0C8F90B1B2ED89E00D698FC /* Sources */ = {
			isa = PBXSourcesBuildPhase;
			buildActionMask = 2147483647;
			files = (
				C0C8F9161B2ED89E00D698FC /* ziliuxueTests.swift in Sources */,
			);
			runOnlyForDeploymentPostprocessing = 0;
		};
/* End PBXSourcesBuildPhase section */

/* Begin PBXTargetDependency section */
		C0C8F9111B2ED89E00D698FC /* PBXTargetDependency */ = {
			isa = PBXTargetDependency;
			target = C0C8F8F91B2ED89E00D698FC /* ziliuxue */;
			targetProxy = C0C8F9101B2ED89E00D698FC /* PBXContainerItemProxy */;
		};
/* End PBXTargetDependency section */

/* Begin PBXVariantGroup section */
		C0C8F9031B2ED89E00D698FC /* Main.storyboard */ = {
			isa = PBXVariantGroup;
			children = (
				C0C8F9041B2ED89E00D698FC /* Base */,
			);
			name = Main.storyboard;
			sourceTree = "<group>";
		};
		C0C8F9081B2ED89E00D698FC /* LaunchScreen.xib */ = {
			isa = PBXVariantGroup;
			children = (
				C0C8F9091B2ED89E00D698FC /* Base */,
			);
			name = LaunchScreen.xib;
			sourceTree = "<group>";
		};
/* End PBXVariantGroup section */

/* Begin XCBuildConfiguration section */
		C0C8F9171B2ED89E00D698FC /* Debug */ = {
			isa = XCBuildConfiguration;
			buildSettings = {
				ALWAYS_SEARCH_USER_PATHS = NO;
				CLANG_CXX_LANGUAGE_STANDARD = "gnu++0x";
				CLANG_CXX_LIBRARY = "libc++";
				CLANG_ENABLE_MODULES = YES;
				CLANG_ENABLE_OBJC_ARC = YES;
				CLANG_WARN_BOOL_CONVERSION = YES;
				CLANG_WARN_CONSTANT_CONVERSION = YES;
				CLANG_WARN_DIRECT_OBJC_ISA_USAGE = YES_ERROR;
				CLANG_WARN_EMPTY_BODY = YES;
				CLANG_WARN_ENUM_CONVERSION = YES;
				CLANG_WARN_INT_CONVERSION = YES;
				CLANG_WARN_OBJC_ROOT_CLASS = YES_ERROR;
				CLANG_WARN_UNREACHABLE_CODE = YES;
				CLANG_WARN__DUPLICATE_METHOD_MATCH = YES;
				"CODE_SIGN_IDENTITY[sdk=iphoneos*]" = "iPhone Developer";
				COPY_PHASE_STRIP = NO;
				DEBUG_INFORMATION_FORMAT = "dwarf-with-dsym";
				ENABLE_STRICT_OBJC_MSGSEND = YES;
				GCC_C_LANGUAGE_STANDARD = gnu99;
				GCC_DYNAMIC_NO_PIC = NO;
				GCC_NO_COMMON_BLOCKS = YES;
				GCC_OPTIMIZATION_LEVEL = 0;
				GCC_PREPROCESSOR_DEFINITIONS = (
					"DEBUG=1",
					"$(inherited)",
				);
				GCC_SYMBOLS_PRIVATE_EXTERN = NO;
				GCC_WARN_64_TO_32_BIT_CONVERSION = YES;
				GCC_WARN_ABOUT_RETURN_TYPE = YES_ERROR;
				GCC_WARN_UNDECLARED_SELECTOR = YES;
				GCC_WARN_UNINITIALIZED_AUTOS = YES_AGGRESSIVE;
				GCC_WARN_UNUSED_FUNCTION = YES;
				GCC_WARN_UNUSED_VARIABLE = YES;
				IPHONEOS_DEPLOYMENT_TARGET = 7.0;
				MTL_ENABLE_DEBUG_INFO = YES;
				ONLY_ACTIVE_ARCH = YES;
				SDKROOT = iphoneos;
				SWIFT_OPTIMIZATION_LEVEL = "-Onone";
				TARGETED_DEVICE_FAMILY = "1,2";
			};
			name = Debug;
		};
		C0C8F9181B2ED89E00D698FC /* Release */ = {
			isa = XCBuildConfiguration;
			buildSettings = {
				ALWAYS_SEARCH_USER_PATHS = NO;
				CLANG_CXX_LANGUAGE_STANDARD = "gnu++0x";
				CLANG_CXX_LIBRARY = "libc++";
				CLANG_ENABLE_MODULES = YES;
				CLANG_ENABLE_OBJC_ARC = YES;
				CLANG_WARN_BOOL_CONVERSION = YES;
				CLANG_WARN_CONSTANT_CONVERSION = YES;
				CLANG_WARN_DIRECT_OBJC_ISA_USAGE = YES_ERROR;
				CLANG_WARN_EMPTY_BODY = YES;
				CLANG_WARN_ENUM_CONVERSION = YES;
				CLANG_WARN_INT_CONVERSION = YES;
				CLANG_WARN_OBJC_ROOT_CLASS = YES_ERROR;
				CLANG_WARN_UNREACHABLE_CODE = YES;
				CLANG_WARN__DUPLICATE_METHOD_MATCH = YES;
				"CODE_SIGN_IDENTITY[sdk=iphoneos*]" = "iPhone Developer";
				COPY_PHASE_STRIP = NO;
				DEBUG_INFORMATION_FORMAT = "dwarf-with-dsym";
				ENABLE_NS_ASSERTIONS = NO;
				ENABLE_STRICT_OBJC_MSGSEND = YES;
				GCC_C_LANGUAGE_STANDARD = gnu99;
				GCC_NO_COMMON_BLOCKS = YES;
				GCC_WARN_64_TO_32_BIT_CONVERSION = YES;
				GCC_WARN_ABOUT_RETURN_TYPE = YES_ERROR;
				GCC_WARN_UNDECLARED_SELECTOR = YES;
				GCC_WARN_UNINITIALIZED_AUTOS = YES_AGGRESSIVE;
				GCC_WARN_UNUSED_FUNCTION = YES;
				GCC_WARN_UNUSED_VARIABLE = YES;
				IPHONEOS_DEPLOYMENT_TARGET = 7.0;
				MTL_ENABLE_DEBUG_INFO = NO;
				SDKROOT = iphoneos;
				TARGETED_DEVICE_FAMILY = "1,2";
				VALIDATE_PRODUCT = YES;
			};
			name = Release;
		};
		C0C8F91A1B2ED89E00D698FC /* Debug */ = {
			isa = XCBuildConfiguration;
			buildSettings = {
				ASSETCATALOG_COMPILER_APPICON_NAME = AppIcon;
				ASSETCATALOG_COMPILER_LAUNCHIMAGE_NAME = LaunchImage;
				CODE_SIGN_IDENTITY = "iPhone Developer";
				INFOPLIST_FILE = ziliuxue/Info.plist;
				IPHONEOS_DEPLOYMENT_TARGET = 7.0;
				LD_RUNPATH_SEARCH_PATHS = "$(inherited) @executable_path/Frameworks";
				PRODUCT_NAME = "$(TARGET_NAME)";
			};
			name = Debug;
		};
		C0C8F91B1B2ED89E00D698FC /* Release */ = {
			isa = XCBuildConfiguration;
			buildSettings = {
				ASSETCATALOG_COMPILER_APPICON_NAME = AppIcon;
				ASSETCATALOG_COMPILER_LAUNCHIMAGE_NAME = LaunchImage;
				CODE_SIGN_IDENTITY = "iPhone Developer";
				INFOPLIST_FILE = ziliuxue/Info.plist;
				IPHONEOS_DEPLOYMENT_TARGET = 7.0;
				LD_RUNPATH_SEARCH_PATHS = "$(inherited) @executable_path/Frameworks";
				PRODUCT_NAME = "$(TARGET_NAME)";
			};
			name = Release;
		};
		C0C8F91D1B2ED89E00D698FC /* Debug */ = {
			isa = XCBuildConfiguration;
			buildSettings = {
				BUNDLE_LOADER = "$(TEST_HOST)";
				FRAMEWORK_SEARCH_PATHS = (
					"$(SDKROOT)/Developer/Library/Frameworks",
					"$(inherited)",
				);
				GCC_PREPROCESSOR_DEFINITIONS = (
					"DEBUG=1",
					"$(inherited)",
				);
				INFOPLIST_FILE = ziliuxueTests/Info.plist;
				LD_RUNPATH_SEARCH_PATHS = "$(inherited) @executable_path/Frameworks @loader_path/Frameworks";
				PRODUCT_NAME = "$(TARGET_NAME)";
				TEST_HOST = "$(BUILT_PRODUCTS_DIR)/ziliuxue.app/ziliuxue";
			};
			name = Debug;
		};
		C0C8F91E1B2ED89E00D698FC /* Release */ = {
			isa = XCBuildConfiguration;
			buildSettings = {
				BUNDLE_LOADER = "$(TEST_HOST)";
				FRAMEWORK_SEARCH_PATHS = (
					"$(SDKROOT)/Developer/Library/Frameworks",
					"$(inherited)",
				);
				INFOPLIST_FILE = ziliuxueTests/Info.plist;
				LD_RUNPATH_SEARCH_PATHS = "$(inherited) @executable_path/Frameworks @loader_path/Frameworks";
				PRODUCT_NAME = "$(TARGET_NAME)";
				TEST_HOST = "$(BUILT_PRODUCTS_DIR)/ziliuxue.app/ziliuxue";
			};
			name = Release;
		};
/* End XCBuildConfiguration section */

/* Begin XCConfigurationList section */
		C0C8F8F51B2ED89E00D698FC /* Build configuration list for PBXProject "ziliuxue" */ = {
			isa = XCConfigurationList;
			buildConfigurations = (
				C0C8F9171B2ED89E00D698FC /* Debug */,
				C0C8F9181B2ED89E00D698FC /* Release */,
			);
			defaultConfigurationIsVisible = 0;
			defaultConfigurationName = Release;
		};
		C0C8F9191B2ED89E00D698FC /* Build configuration list for PBXNativeTarget "ziliuxue" */ = {
			isa = XCConfigurationList;
			buildConfigurations = (
				C0C8F91A1B2ED89E00D698FC /* Debug */,
				C0C8F91B1B2ED89E00D698FC /* Release */,
			);
			defaultConfigurationIsVisible = 0;
			defaultConfigurationName = Release;
		};
		C0C8F91C1B2ED89E00D698FC /* Build configuration list for PBXNativeTarget "ziliuxueTests" */ = {
			isa = XCConfigurationList;
			buildConfigurations = (
				C0C8F91D1B2ED89E00D698FC /* Debug */,
				C0C8F91E1B2ED89E00D698FC /* Release */,
			);
			defaultConfigurationIsVisible = 0;
			defaultConfigurationName = Release;
		};
/* End XCConfigurationList section */
	};
	rootObject = C0C8F8F21B2ED89E00D698FC /* Project object */;
}
