// !$*UTF8*$!
{
	archiveVersion = 1;
	classes = {
	};
	objectVersion = 46;
	objects = {

/* Begin PBXBuildFile section */
		47CF44BAB11326517D1316EB /* libPods.a in Frameworks */ = {isa = PBXBuildFile; fileRef = EB668C83B7354CCF44BD8E39 /* libPods.a */; };
		7B322B121B56A1E800F7ED11 /* CourseDetailViewController.swift in Sources */ = {isa = PBXBuildFile; fileRef = 7B322B111B56A1E800F7ED11 /* CourseDetailViewController.swift */; };
		7B9D50801B520A2D00B7AA2E /* Tool.swift in Sources */ = {isa = PBXBuildFile; fileRef = 7B9D507F1B520A2D00B7AA2E /* Tool.swift */; };
		7B9D50851B520B0400B7AA2E /* ProgressHUD.bundle in Resources */ = {isa = PBXBuildFile; fileRef = 7B9D50821B520B0400B7AA2E /* ProgressHUD.bundle */; };
		7B9D50861B520B0400B7AA2E /* ProgressHUD.m in Sources */ = {isa = PBXBuildFile; fileRef = 7B9D50841B520B0400B7AA2E /* ProgressHUD.m */; };
		7BC2AF351B59F9C800E5CC32 /* CourseOverView.swift in Sources */ = {isa = PBXBuildFile; fileRef = 7BC2AF341B59F9C800E5CC32 /* CourseOverView.swift */; };
		7BC2AF371B5A78D100E5CC32 /* CourseDetail.swift in Sources */ = {isa = PBXBuildFile; fileRef = 7BC2AF361B5A78D100E5CC32 /* CourseDetail.swift */; };
		C008A9411B4FDBC00014554F /* libWeChatSDK.a in Frameworks */ = {isa = PBXBuildFile; fileRef = C008A93D1B4FDBC00014554F /* libWeChatSDK.a */; };
		C008A9421B4FDBC00014554F /* read_me.txt in Resources */ = {isa = PBXBuildFile; fileRef = C008A93E1B4FDBC00014554F /* read_me.txt */; };
		C008A9441B4FDBD80014554F /* SystemConfiguration.framework in Frameworks */ = {isa = PBXBuildFile; fileRef = C008A9431B4FDBD80014554F /* SystemConfiguration.framework */; };
		C008A9461B4FDBEB0014554F /* libz.dylib in Frameworks */ = {isa = PBXBuildFile; fileRef = C008A9451B4FDBEB0014554F /* libz.dylib */; };
		C008A9481B4FDBF50014554F /* libsqlite3.0.dylib in Frameworks */ = {isa = PBXBuildFile; fileRef = C008A9471B4FDBF50014554F /* libsqlite3.0.dylib */; };
		C008A94E1B4FDDE10014554F /* libstdc++.dylib in Frameworks */ = {isa = PBXBuildFile; fileRef = C008A94D1B4FDDE10014554F /* libstdc++.dylib */; };
		C022E3CF1B4F930600A74E92 /* SimilarCourseTableViewCell.swift in Sources */ = {isa = PBXBuildFile; fileRef = C022E3CE1B4F930600A74E92 /* SimilarCourseTableViewCell.swift */; };
		C026A7391B39072C00E24908 /* FirstWizardViewController.swift in Sources */ = {isa = PBXBuildFile; fileRef = C026A7381B39072C00E24908 /* FirstWizardViewController.swift */; };
		C026A7421B3907D800E24908 /* SecondWizardViewController.swift in Sources */ = {isa = PBXBuildFile; fileRef = C026A7411B3907D800E24908 /* SecondWizardViewController.swift */; };
		C026A7441B39080000E24908 /* ThridWizardViewController.swift in Sources */ = {isa = PBXBuildFile; fileRef = C026A7431B39080000E24908 /* ThridWizardViewController.swift */; };
		C026A7461B39149100E24908 /* ThirdWizardTableViewCell.swift in Sources */ = {isa = PBXBuildFile; fileRef = C026A7451B39149100E24908 /* ThirdWizardTableViewCell.swift */; };
		C030F0AD1B4149A100DDDFDD /* MMPickerView.m in Sources */ = {isa = PBXBuildFile; fileRef = C030F0AC1B4149A100DDDFDD /* MMPickerView.m */; };
		C030F0C51B415F5F00DDDFDD /* CCMBorderView.m in Sources */ = {isa = PBXBuildFile; fileRef = C030F0B11B415F5F00DDDFDD /* CCMBorderView.m */; };
		C030F0C61B415F5F00DDDFDD /* CCMCustomAnimation.m in Sources */ = {isa = PBXBuildFile; fileRef = C030F0B31B415F5F00DDDFDD /* CCMCustomAnimation.m */; };
		C030F0C71B415F5F00DDDFDD /* CCMPopupAnimation.m in Sources */ = {isa = PBXBuildFile; fileRef = C030F0B51B415F5F00DDDFDD /* CCMPopupAnimation.m */; };
		C030F0C81B415F5F00DDDFDD /* CCMPopupSegue.m in Sources */ = {isa = PBXBuildFile; fileRef = C030F0B71B415F5F00DDDFDD /* CCMPopupSegue.m */; };
		C030F0C91B415F5F00DDDFDD /* CCMPopupTransitioning.m in Sources */ = {isa = PBXBuildFile; fileRef = C030F0B91B415F5F00DDDFDD /* CCMPopupTransitioning.m */; };
		C030F0CA1B415F5F00DDDFDD /* FXBlurView.m in Sources */ = {isa = PBXBuildFile; fileRef = C030F0BC1B415F5F00DDDFDD /* FXBlurView.m */; };
		C030F0CB1B415F5F00DDDFDD /* UIImage+ImageEffects.m in Sources */ = {isa = PBXBuildFile; fileRef = C030F0BF1B415F5F00DDDFDD /* UIImage+ImageEffects.m */; };
		C030F0CC1B415F5F00DDDFDD /* UIImage+screenshot.m in Sources */ = {isa = PBXBuildFile; fileRef = C030F0C21B415F5F00DDDFDD /* UIImage+screenshot.m */; };
		C030F0CD1B415F5F00DDDFDD /* UIViewController+CCMPopupAnimation.m in Sources */ = {isa = PBXBuildFile; fileRef = C030F0C41B415F5F00DDDFDD /* UIViewController+CCMPopupAnimation.m */; };
		C030F0CF1B4162D300DDDFDD /* PopUpViewController.swift in Sources */ = {isa = PBXBuildFile; fileRef = C030F0CE1B4162D300DDDFDD /* PopUpViewController.swift */; };
		C031C22A1B4F726B00277833 /* MapKit.framework in Frameworks */ = {isa = PBXBuildFile; fileRef = C031C2291B4F726B00277833 /* MapKit.framework */; };
		C031F1731B4A0EC6008D96D7 /* StudyPlanViewController.swift in Sources */ = {isa = PBXBuildFile; fileRef = C031F1721B4A0EC6008D96D7 /* StudyPlanViewController.swift */; };
		C039BEAD1B3A7E1C00C8D5CE /* Utility.swift in Sources */ = {isa = PBXBuildFile; fileRef = C039BEAC1B3A7E1C00C8D5CE /* Utility.swift */; };
		C03F5B7F1B59512A00532AC8 /* MJCollectionViewCell.m in Sources */ = {isa = PBXBuildFile; fileRef = C03F5B7E1B59512A00532AC8 /* MJCollectionViewCell.m */; };
		C063F56B1B520A9400B5053B /* BeforeLoginViewController.swift in Sources */ = {isa = PBXBuildFile; fileRef = C063F56A1B520A9400B5053B /* BeforeLoginViewController.swift */; };
		C072C5441B369C680055BAFE /* SignUpViewController.swift in Sources */ = {isa = PBXBuildFile; fileRef = C072C5431B369C680055BAFE /* SignUpViewController.swift */; };
		C07B390E1B480A6A00C1267A /* MMDrawerBarButtonItem.m in Sources */ = {isa = PBXBuildFile; fileRef = C07B39061B480A6A00C1267A /* MMDrawerBarButtonItem.m */; };
		C07B390F1B480A6A00C1267A /* MMDrawerController.m in Sources */ = {isa = PBXBuildFile; fileRef = C07B39091B480A6A00C1267A /* MMDrawerController.m */; };
		C07B39101B480A6A00C1267A /* MMDrawerVisualState.m in Sources */ = {isa = PBXBuildFile; fileRef = C07B390B1B480A6A00C1267A /* MMDrawerVisualState.m */; };
		C07B39111B480A6A00C1267A /* UIViewController+MMDrawerController.m in Sources */ = {isa = PBXBuildFile; fileRef = C07B390D1B480A6A00C1267A /* UIViewController+MMDrawerController.m */; };
		C07B39151B480ABE00C1267A /* CenterTabViewController.swift in Sources */ = {isa = PBXBuildFile; fileRef = C07B39121B480ABE00C1267A /* CenterTabViewController.swift */; };
		C07B39161B480ABE00C1267A /* LeftDrawerTableViewController.swift in Sources */ = {isa = PBXBuildFile; fileRef = C07B39131B480ABE00C1267A /* LeftDrawerTableViewController.swift */; };
		C07B39171B480ABE00C1267A /* LeftDrawerTableViewController.xib in Resources */ = {isa = PBXBuildFile; fileRef = C07B39141B480ABE00C1267A /* LeftDrawerTableViewController.xib */; };
		C08905031B4D0541002CC00C /* CollegeInfoTableViewCell.swift in Sources */ = {isa = PBXBuildFile; fileRef = C08905021B4D0541002CC00C /* CollegeInfoTableViewCell.swift */; };
		C09A67431B4034320059764F /* FirstWizardTableViewCell.swift in Sources */ = {isa = PBXBuildFile; fileRef = C09A67421B4034320059764F /* FirstWizardTableViewCell.swift */; };
		C0A5B63D1B4A2E9C0089B84E /* ThirdTabViewController.swift in Sources */ = {isa = PBXBuildFile; fileRef = C0A5B63C1B4A2E9C0089B84E /* ThirdTabViewController.swift */; };
		C0A5B6411B4A5F420089B84E /* SecondTabViewController.swift in Sources */ = {isa = PBXBuildFile; fileRef = C0A5B6401B4A5F420089B84E /* SecondTabViewController.swift */; };
		C0A5B6471B4A60ED0089B84E /* FourthViewController.swift in Sources */ = {isa = PBXBuildFile; fileRef = C0A5B6461B4A60ED0089B84E /* FourthViewController.swift */; };
		C0A5B6491B4A62560089B84E /* PersonalInfoViewController.swift in Sources */ = {isa = PBXBuildFile; fileRef = C0A5B6481B4A62560089B84E /* PersonalInfoViewController.swift */; };
		C0A5B64B1B4A62A20089B84E /* FifthTabViewController.swift in Sources */ = {isa = PBXBuildFile; fileRef = C0A5B64A1B4A62A20089B84E /* FifthTabViewController.swift */; };
		C0A5B64F1B4B5C020089B84E /* FindClassViewController.swift in Sources */ = {isa = PBXBuildFile; fileRef = C0A5B64E1B4B5C020089B84E /* FindClassViewController.swift */; };
		C0A5B6511B4B5C1E0089B84E /* MyClassViewController.swift in Sources */ = {isa = PBXBuildFile; fileRef = C0A5B6501B4B5C1E0089B84E /* MyClassViewController.swift */; };
		C0A5B6531B4B64470089B84E /* CourseViewController.swift in Sources */ = {isa = PBXBuildFile; fileRef = C0A5B6521B4B64470089B84E /* CourseViewController.swift */; };
		C0A5B6551B4B64980089B84E /* CourseTableViewCell.swift in Sources */ = {isa = PBXBuildFile; fileRef = C0A5B6541B4B64980089B84E /* CourseTableViewCell.swift */; };
		C0B3B2031B4E0E47000954A9 /* XYPieChart.m in Sources */ = {isa = PBXBuildFile; fileRef = C0B3B2021B4E0E47000954A9 /* XYPieChart.m */; };
		C0C3B7A51B4BBA6E006800DD /* SchoolSepecificTabBarController.swift in Sources */ = {isa = PBXBuildFile; fileRef = C0C3B7A41B4BBA6E006800DD /* SchoolSepecificTabBarController.swift */; };
		C0C3B7A71B4CB79F006800DD /* OverviewSchoolTabViewController.swift in Sources */ = {isa = PBXBuildFile; fileRef = C0C3B7A61B4CB79F006800DD /* OverviewSchoolTabViewController.swift */; };
		C0C3B7AA1B4CD60A006800DD /* NewsUpdateViewController.swift in Sources */ = {isa = PBXBuildFile; fileRef = C0C3B7A91B4CD60A006800DD /* NewsUpdateViewController.swift */; };
		C0C3B7AC1B4CDAC0006800DD /* SchoolRankingViewController.swift in Sources */ = {isa = PBXBuildFile; fileRef = C0C3B7AB1B4CDAC0006800DD /* SchoolRankingViewController.swift */; };
		C0C3B7AE1B4CDB11006800DD /* SchoolApplicationViewController.swift in Sources */ = {isa = PBXBuildFile; fileRef = C0C3B7AD1B4CDB11006800DD /* SchoolApplicationViewController.swift */; };
		C0C3B7B01B4CDB28006800DD /* SchoolAcademicViewController.swift in Sources */ = {isa = PBXBuildFile; fileRef = C0C3B7AF1B4CDB28006800DD /* SchoolAcademicViewController.swift */; };
		C0C3B7B21B4CDB3D006800DD /* SchoolCostViewController.swift in Sources */ = {isa = PBXBuildFile; fileRef = C0C3B7B11B4CDB3D006800DD /* SchoolCostViewController.swift */; };
		C0C5C14C1B368B3D0035C0BF /* CustomTableViewCell.swift in Sources */ = {isa = PBXBuildFile; fileRef = C0C5C14B1B368B3D0035C0BF /* CustomTableViewCell.swift */; };
		C0C8F9001B2ED89E00D698FC /* AppDelegate.swift in Sources */ = {isa = PBXBuildFile; fileRef = C0C8F8FF1B2ED89E00D698FC /* AppDelegate.swift */; };
		C0C8F9021B2ED89E00D698FC /* LoginViewController.swift in Sources */ = {isa = PBXBuildFile; fileRef = C0C8F9011B2ED89E00D698FC /* LoginViewController.swift */; };
		C0C8F9051B2ED89E00D698FC /* Main.storyboard in Resources */ = {isa = PBXBuildFile; fileRef = C0C8F9031B2ED89E00D698FC /* Main.storyboard */; };
		C0C8F9071B2ED89E00D698FC /* Images.xcassets in Resources */ = {isa = PBXBuildFile; fileRef = C0C8F9061B2ED89E00D698FC /* Images.xcassets */; };
		C0C8F90A1B2ED89E00D698FC /* LaunchScreen.xib in Resources */ = {isa = PBXBuildFile; fileRef = C0C8F9081B2ED89E00D698FC /* LaunchScreen.xib */; };
		C0C8F9161B2ED89E00D698FC /* ziliuxueTests.swift in Sources */ = {isa = PBXBuildFile; fileRef = C0C8F9151B2ED89E00D698FC /* ziliuxueTests.swift */; };
		C0E8F3541B4F72A800EAEE95 /* CoreLocation.framework in Frameworks */ = {isa = PBXBuildFile; fileRef = C0E8F3531B4F72A700EAEE95 /* CoreLocation.framework */; };
		C0EB7FE21B54C47200DF88CB /* FindClassCollectionViewCell.swift in Sources */ = {isa = PBXBuildFile; fileRef = C0EB7FE11B54C47200DF88CB /* FindClassCollectionViewCell.swift */; };
		C0EB7FE41B5543E900DF88CB /* College.swift in Sources */ = {isa = PBXBuildFile; fileRef = C0EB7FE31B5543E900DF88CB /* College.swift */; };
		C0F5C0E31B3F93C500A2FA14 /* SchoolDetailViewController.swift in Sources */ = {isa = PBXBuildFile; fileRef = C0F5C0E21B3F93C500A2FA14 /* SchoolDetailViewController.swift */; };
		C0F5C0E61B3FC59300A2FA14 /* SwipeView.m in Sources */ = {isa = PBXBuildFile; fileRef = C0F5C0E51B3FC59300A2FA14 /* SwipeView.m */; };
		C0F5DF1A1B4A15A60088A9EE /* FirstTabTableViewCell.swift in Sources */ = {isa = PBXBuildFile; fileRef = C0F5DF191B4A15A60088A9EE /* FirstTabTableViewCell.swift */; };
		C0F7A67A1B58B23A0022F716 /* ImageIO.framework in Frameworks */ = {isa = PBXBuildFile; fileRef = C0F7A6791B58B23A0022F716 /* ImageIO.framework */; };
/* End PBXBuildFile section */

/* Begin PBXContainerItemProxy section */
		C0C8F9101B2ED89E00D698FC /* PBXContainerItemProxy */ = {
			isa = PBXContainerItemProxy;
			containerPortal = C0C8F8F21B2ED89E00D698FC /* Project object */;
			proxyType = 1;
			remoteGlobalIDString = C0C8F8F91B2ED89E00D698FC;
			remoteInfo = ziliuxue;
		};
/* End PBXContainerItemProxy section */

/* Begin PBXFileReference section */
		00167EB716BD028099626F64 /* Pods.debug.xcconfig */ = {isa = PBXFileReference; includeInIndex = 1; lastKnownFileType = text.xcconfig; name = Pods.debug.xcconfig; path = "Pods/Target Support Files/Pods/Pods.debug.xcconfig"; sourceTree = "<group>"; };
		1C321C7FDF9F7B164B7EC6EC /* Pods.release.xcconfig */ = {isa = PBXFileReference; includeInIndex = 1; lastKnownFileType = text.xcconfig; name = Pods.release.xcconfig; path = "Pods/Target Support Files/Pods/Pods.release.xcconfig"; sourceTree = "<group>"; };
		7B322B111B56A1E800F7ED11 /* CourseDetailViewController.swift */ = {isa = PBXFileReference; fileEncoding = 4; lastKnownFileType = sourcecode.swift; path = CourseDetailViewController.swift; sourceTree = "<group>"; };
		7B9D507F1B520A2D00B7AA2E /* Tool.swift */ = {isa = PBXFileReference; fileEncoding = 4; lastKnownFileType = sourcecode.swift; path = Tool.swift; sourceTree = "<group>"; };
		7B9D50821B520B0400B7AA2E /* ProgressHUD.bundle */ = {isa = PBXFileReference; lastKnownFileType = "wrapper.plug-in"; path = ProgressHUD.bundle; sourceTree = "<group>"; };
		7B9D50831B520B0400B7AA2E /* ProgressHUD.h */ = {isa = PBXFileReference; fileEncoding = 4; lastKnownFileType = sourcecode.c.h; path = ProgressHUD.h; sourceTree = "<group>"; };
		7B9D50841B520B0400B7AA2E /* ProgressHUD.m */ = {isa = PBXFileReference; fileEncoding = 4; lastKnownFileType = sourcecode.c.objc; path = ProgressHUD.m; sourceTree = "<group>"; };
		7BC2AF341B59F9C800E5CC32 /* CourseOverView.swift */ = {isa = PBXFileReference; fileEncoding = 4; lastKnownFileType = sourcecode.swift; path = CourseOverView.swift; sourceTree = "<group>"; };
		7BC2AF361B5A78D100E5CC32 /* CourseDetail.swift */ = {isa = PBXFileReference; fileEncoding = 4; lastKnownFileType = sourcecode.swift; path = CourseDetail.swift; sourceTree = "<group>"; };
		C008A93D1B4FDBC00014554F /* libWeChatSDK.a */ = {isa = PBXFileReference; lastKnownFileType = archive.ar; path = libWeChatSDK.a; sourceTree = "<group>"; };
		C008A93E1B4FDBC00014554F /* read_me.txt */ = {isa = PBXFileReference; fileEncoding = 4; lastKnownFileType = text; path = read_me.txt; sourceTree = "<group>"; };
		C008A93F1B4FDBC00014554F /* WXApi.h */ = {isa = PBXFileReference; fileEncoding = 4; lastKnownFileType = sourcecode.c.h; path = WXApi.h; sourceTree = "<group>"; };
		C008A9401B4FDBC00014554F /* WXApiObject.h */ = {isa = PBXFileReference; fileEncoding = 4; lastKnownFileType = sourcecode.c.h; path = WXApiObject.h; sourceTree = "<group>"; };
		C008A9431B4FDBD80014554F /* SystemConfiguration.framework */ = {isa = PBXFileReference; lastKnownFileType = wrapper.framework; name = SystemConfiguration.framework; path = System/Library/Frameworks/SystemConfiguration.framework; sourceTree = SDKROOT; };
		C008A9451B4FDBEB0014554F /* libz.dylib */ = {isa = PBXFileReference; lastKnownFileType = "compiled.mach-o.dylib"; name = libz.dylib; path = usr/lib/libz.dylib; sourceTree = SDKROOT; };
		C008A9471B4FDBF50014554F /* libsqlite3.0.dylib */ = {isa = PBXFileReference; lastKnownFileType = "compiled.mach-o.dylib"; name = libsqlite3.0.dylib; path = usr/lib/libsqlite3.0.dylib; sourceTree = SDKROOT; };
		C008A9491B4FDD990014554F /* UIKit.framework */ = {isa = PBXFileReference; lastKnownFileType = wrapper.framework; name = UIKit.framework; path = System/Library/Frameworks/UIKit.framework; sourceTree = SDKROOT; };
		C008A94B1B4FDD9E0014554F /* Foundation.framework */ = {isa = PBXFileReference; lastKnownFileType = wrapper.framework; name = Foundation.framework; path = System/Library/Frameworks/Foundation.framework; sourceTree = SDKROOT; };
		C008A94D1B4FDDE10014554F /* libstdc++.dylib */ = {isa = PBXFileReference; lastKnownFileType = "compiled.mach-o.dylib"; name = "libstdc++.dylib"; path = "usr/lib/libstdc++.dylib"; sourceTree = SDKROOT; };
		C022425D1B3CF3EE00B0F0E7 /* Header.h */ = {isa = PBXFileReference; fileEncoding = 4; lastKnownFileType = sourcecode.c.h; path = Header.h; sourceTree = "<group>"; };
		C022E3CE1B4F930600A74E92 /* SimilarCourseTableViewCell.swift */ = {isa = PBXFileReference; fileEncoding = 4; lastKnownFileType = sourcecode.swift; path = SimilarCourseTableViewCell.swift; sourceTree = "<group>"; };
		C026A7381B39072C00E24908 /* FirstWizardViewController.swift */ = {isa = PBXFileReference; fileEncoding = 4; lastKnownFileType = sourcecode.swift; path = FirstWizardViewController.swift; sourceTree = "<group>"; };
		C026A7411B3907D800E24908 /* SecondWizardViewController.swift */ = {isa = PBXFileReference; fileEncoding = 4; lastKnownFileType = sourcecode.swift; path = SecondWizardViewController.swift; sourceTree = "<group>"; };
		C026A7431B39080000E24908 /* ThridWizardViewController.swift */ = {isa = PBXFileReference; fileEncoding = 4; lastKnownFileType = sourcecode.swift; path = ThridWizardViewController.swift; sourceTree = "<group>"; };
		C026A7451B39149100E24908 /* ThirdWizardTableViewCell.swift */ = {isa = PBXFileReference; fileEncoding = 4; lastKnownFileType = sourcecode.swift; path = ThirdWizardTableViewCell.swift; sourceTree = "<group>"; };
		C030F0AB1B4149A100DDDFDD /* MMPickerView.h */ = {isa = PBXFileReference; fileEncoding = 4; lastKnownFileType = sourcecode.c.h; path = MMPickerView.h; sourceTree = "<group>"; };
		C030F0AC1B4149A100DDDFDD /* MMPickerView.m */ = {isa = PBXFileReference; fileEncoding = 4; lastKnownFileType = sourcecode.c.objc; path = MMPickerView.m; sourceTree = "<group>"; };
		C030F0B01B415F5F00DDDFDD /* CCMBorderView.h */ = {isa = PBXFileReference; fileEncoding = 4; lastKnownFileType = sourcecode.c.h; path = CCMBorderView.h; sourceTree = "<group>"; };
		C030F0B11B415F5F00DDDFDD /* CCMBorderView.m */ = {isa = PBXFileReference; fileEncoding = 4; lastKnownFileType = sourcecode.c.objc; path = CCMBorderView.m; sourceTree = "<group>"; };
		C030F0B21B415F5F00DDDFDD /* CCMCustomAnimation.h */ = {isa = PBXFileReference; fileEncoding = 4; lastKnownFileType = sourcecode.c.h; path = CCMCustomAnimation.h; sourceTree = "<group>"; };
		C030F0B31B415F5F00DDDFDD /* CCMCustomAnimation.m */ = {isa = PBXFileReference; fileEncoding = 4; lastKnownFileType = sourcecode.c.objc; path = CCMCustomAnimation.m; sourceTree = "<group>"; };
		C030F0B41B415F5F00DDDFDD /* CCMPopupAnimation.h */ = {isa = PBXFileReference; fileEncoding = 4; lastKnownFileType = sourcecode.c.h; path = CCMPopupAnimation.h; sourceTree = "<group>"; };
		C030F0B51B415F5F00DDDFDD /* CCMPopupAnimation.m */ = {isa = PBXFileReference; fileEncoding = 4; lastKnownFileType = sourcecode.c.objc; path = CCMPopupAnimation.m; sourceTree = "<group>"; };
		C030F0B61B415F5F00DDDFDD /* CCMPopupSegue.h */ = {isa = PBXFileReference; fileEncoding = 4; lastKnownFileType = sourcecode.c.h; path = CCMPopupSegue.h; sourceTree = "<group>"; };
		C030F0B71B415F5F00DDDFDD /* CCMPopupSegue.m */ = {isa = PBXFileReference; fileEncoding = 4; lastKnownFileType = sourcecode.c.objc; path = CCMPopupSegue.m; sourceTree = "<group>"; };
		C030F0B81B415F5F00DDDFDD /* CCMPopupTransitioning.h */ = {isa = PBXFileReference; fileEncoding = 4; lastKnownFileType = sourcecode.c.h; path = CCMPopupTransitioning.h; sourceTree = "<group>"; };
		C030F0B91B415F5F00DDDFDD /* CCMPopupTransitioning.m */ = {isa = PBXFileReference; fileEncoding = 4; lastKnownFileType = sourcecode.c.objc; path = CCMPopupTransitioning.m; sourceTree = "<group>"; };
		C030F0BB1B415F5F00DDDFDD /* FXBlurView.h */ = {isa = PBXFileReference; fileEncoding = 4; lastKnownFileType = sourcecode.c.h; path = FXBlurView.h; sourceTree = "<group>"; };
		C030F0BC1B415F5F00DDDFDD /* FXBlurView.m */ = {isa = PBXFileReference; fileEncoding = 4; lastKnownFileType = sourcecode.c.objc; path = FXBlurView.m; sourceTree = "<group>"; };
		C030F0BE1B415F5F00DDDFDD /* UIImage+ImageEffects.h */ = {isa = PBXFileReference; fileEncoding = 4; lastKnownFileType = sourcecode.c.h; path = "UIImage+ImageEffects.h"; sourceTree = "<group>"; };
		C030F0BF1B415F5F00DDDFDD /* UIImage+ImageEffects.m */ = {isa = PBXFileReference; fileEncoding = 4; lastKnownFileType = sourcecode.c.objc; path = "UIImage+ImageEffects.m"; sourceTree = "<group>"; };
		C030F0C11B415F5F00DDDFDD /* UIImage+screenshot.h */ = {isa = PBXFileReference; fileEncoding = 4; lastKnownFileType = sourcecode.c.h; path = "UIImage+screenshot.h"; sourceTree = "<group>"; };
		C030F0C21B415F5F00DDDFDD /* UIImage+screenshot.m */ = {isa = PBXFileReference; fileEncoding = 4; lastKnownFileType = sourcecode.c.objc; path = "UIImage+screenshot.m"; sourceTree = "<group>"; };
		C030F0C31B415F5F00DDDFDD /* UIViewController+CCMPopupAnimation.h */ = {isa = PBXFileReference; fileEncoding = 4; lastKnownFileType = sourcecode.c.h; path = "UIViewController+CCMPopupAnimation.h"; sourceTree = "<group>"; };
		C030F0C41B415F5F00DDDFDD /* UIViewController+CCMPopupAnimation.m */ = {isa = PBXFileReference; fileEncoding = 4; lastKnownFileType = sourcecode.c.objc; path = "UIViewController+CCMPopupAnimation.m"; sourceTree = "<group>"; };
		C030F0CE1B4162D300DDDFDD /* PopUpViewController.swift */ = {isa = PBXFileReference; fileEncoding = 4; lastKnownFileType = sourcecode.swift; path = PopUpViewController.swift; sourceTree = "<group>"; };
		C031C2291B4F726B00277833 /* MapKit.framework */ = {isa = PBXFileReference; lastKnownFileType = wrapper.framework; name = MapKit.framework; path = System/Library/Frameworks/MapKit.framework; sourceTree = SDKROOT; };
		C031F1721B4A0EC6008D96D7 /* StudyPlanViewController.swift */ = {isa = PBXFileReference; fileEncoding = 4; lastKnownFileType = sourcecode.swift; path = StudyPlanViewController.swift; sourceTree = "<group>"; };
		C039BEAC1B3A7E1C00C8D5CE /* Utility.swift */ = {isa = PBXFileReference; fileEncoding = 4; lastKnownFileType = sourcecode.swift; path = Utility.swift; sourceTree = "<group>"; };
		C03F5B7D1B59512A00532AC8 /* MJCollectionViewCell.h */ = {isa = PBXFileReference; fileEncoding = 4; lastKnownFileType = sourcecode.c.h; path = MJCollectionViewCell.h; sourceTree = "<group>"; };
		C03F5B7E1B59512A00532AC8 /* MJCollectionViewCell.m */ = {isa = PBXFileReference; fileEncoding = 4; lastKnownFileType = sourcecode.c.objc; path = MJCollectionViewCell.m; sourceTree = "<group>"; };
		C063F56A1B520A9400B5053B /* BeforeLoginViewController.swift */ = {isa = PBXFileReference; fileEncoding = 4; lastKnownFileType = sourcecode.swift; path = BeforeLoginViewController.swift; sourceTree = "<group>"; };
		C072C5431B369C680055BAFE /* SignUpViewController.swift */ = {isa = PBXFileReference; fileEncoding = 4; lastKnownFileType = sourcecode.swift; path = SignUpViewController.swift; sourceTree = "<group>"; };
		C07B39051B480A6A00C1267A /* MMDrawerBarButtonItem.h */ = {isa = PBXFileReference; fileEncoding = 4; lastKnownFileType = sourcecode.c.h; path = MMDrawerBarButtonItem.h; sourceTree = "<group>"; };
		C07B39061B480A6A00C1267A /* MMDrawerBarButtonItem.m */ = {isa = PBXFileReference; fileEncoding = 4; lastKnownFileType = sourcecode.c.objc; path = MMDrawerBarButtonItem.m; sourceTree = "<group>"; };
		C07B39071B480A6A00C1267A /* MMDrawerController+Subclass.h */ = {isa = PBXFileReference; fileEncoding = 4; lastKnownFileType = sourcecode.c.h; path = "MMDrawerController+Subclass.h"; sourceTree = "<group>"; };
		C07B39081B480A6A00C1267A /* MMDrawerController.h */ = {isa = PBXFileReference; fileEncoding = 4; lastKnownFileType = sourcecode.c.h; path = MMDrawerController.h; sourceTree = "<group>"; };
		C07B39091B480A6A00C1267A /* MMDrawerController.m */ = {isa = PBXFileReference; fileEncoding = 4; lastKnownFileType = sourcecode.c.objc; path = MMDrawerController.m; sourceTree = "<group>"; };
		C07B390A1B480A6A00C1267A /* MMDrawerVisualState.h */ = {isa = PBXFileReference; fileEncoding = 4; lastKnownFileType = sourcecode.c.h; path = MMDrawerVisualState.h; sourceTree = "<group>"; };
		C07B390B1B480A6A00C1267A /* MMDrawerVisualState.m */ = {isa = PBXFileReference; fileEncoding = 4; lastKnownFileType = sourcecode.c.objc; path = MMDrawerVisualState.m; sourceTree = "<group>"; };
		C07B390C1B480A6A00C1267A /* UIViewController+MMDrawerController.h */ = {isa = PBXFileReference; fileEncoding = 4; lastKnownFileType = sourcecode.c.h; path = "UIViewController+MMDrawerController.h"; sourceTree = "<group>"; };
		C07B390D1B480A6A00C1267A /* UIViewController+MMDrawerController.m */ = {isa = PBXFileReference; fileEncoding = 4; lastKnownFileType = sourcecode.c.objc; path = "UIViewController+MMDrawerController.m"; sourceTree = "<group>"; };
		C07B39121B480ABE00C1267A /* CenterTabViewController.swift */ = {isa = PBXFileReference; fileEncoding = 4; lastKnownFileType = sourcecode.swift; path = CenterTabViewController.swift; sourceTree = "<group>"; };
		C07B39131B480ABE00C1267A /* LeftDrawerTableViewController.swift */ = {isa = PBXFileReference; fileEncoding = 4; lastKnownFileType = sourcecode.swift; path = LeftDrawerTableViewController.swift; sourceTree = "<group>"; };
		C07B39141B480ABE00C1267A /* LeftDrawerTableViewController.xib */ = {isa = PBXFileReference; fileEncoding = 4; lastKnownFileType = file.xib; path = LeftDrawerTableViewController.xib; sourceTree = "<group>"; };
		C08905021B4D0541002CC00C /* CollegeInfoTableViewCell.swift */ = {isa = PBXFileReference; fileEncoding = 4; lastKnownFileType = sourcecode.swift; path = CollegeInfoTableViewCell.swift; sourceTree = "<group>"; };
		C09A67421B4034320059764F /* FirstWizardTableViewCell.swift */ = {isa = PBXFileReference; fileEncoding = 4; lastKnownFileType = sourcecode.swift; path = FirstWizardTableViewCell.swift; sourceTree = "<group>"; };
		C0A5B63C1B4A2E9C0089B84E /* ThirdTabViewController.swift */ = {isa = PBXFileReference; fileEncoding = 4; lastKnownFileType = sourcecode.swift; path = ThirdTabViewController.swift; sourceTree = "<group>"; };
		C0A5B6401B4A5F420089B84E /* SecondTabViewController.swift */ = {isa = PBXFileReference; fileEncoding = 4; lastKnownFileType = sourcecode.swift; path = SecondTabViewController.swift; sourceTree = "<group>"; };
		C0A5B6461B4A60ED0089B84E /* FourthViewController.swift */ = {isa = PBXFileReference; fileEncoding = 4; lastKnownFileType = sourcecode.swift; path = FourthViewController.swift; sourceTree = "<group>"; };
		C0A5B6481B4A62560089B84E /* PersonalInfoViewController.swift */ = {isa = PBXFileReference; fileEncoding = 4; lastKnownFileType = sourcecode.swift; path = PersonalInfoViewController.swift; sourceTree = "<group>"; };
		C0A5B64A1B4A62A20089B84E /* FifthTabViewController.swift */ = {isa = PBXFileReference; fileEncoding = 4; lastKnownFileType = sourcecode.swift; path = FifthTabViewController.swift; sourceTree = "<group>"; };
		C0A5B64E1B4B5C020089B84E /* FindClassViewController.swift */ = {isa = PBXFileReference; fileEncoding = 4; lastKnownFileType = sourcecode.swift; path = FindClassViewController.swift; sourceTree = "<group>"; };
		C0A5B6501B4B5C1E0089B84E /* MyClassViewController.swift */ = {isa = PBXFileReference; fileEncoding = 4; lastKnownFileType = sourcecode.swift; path = MyClassViewController.swift; sourceTree = "<group>"; };
		C0A5B6521B4B64470089B84E /* CourseViewController.swift */ = {isa = PBXFileReference; fileEncoding = 4; lastKnownFileType = sourcecode.swift; path = CourseViewController.swift; sourceTree = "<group>"; };
		C0A5B6541B4B64980089B84E /* CourseTableViewCell.swift */ = {isa = PBXFileReference; fileEncoding = 4; lastKnownFileType = sourcecode.swift; path = CourseTableViewCell.swift; sourceTree = "<group>"; };
		C0B3B2011B4E0E47000954A9 /* XYPieChart.h */ = {isa = PBXFileReference; fileEncoding = 4; lastKnownFileType = sourcecode.c.h; path = XYPieChart.h; sourceTree = "<group>"; };
		C0B3B2021B4E0E47000954A9 /* XYPieChart.m */ = {isa = PBXFileReference; fileEncoding = 4; lastKnownFileType = sourcecode.c.objc; path = XYPieChart.m; sourceTree = "<group>"; };
		C0C3B7A41B4BBA6E006800DD /* SchoolSepecificTabBarController.swift */ = {isa = PBXFileReference; fileEncoding = 4; lastKnownFileType = sourcecode.swift; path = SchoolSepecificTabBarController.swift; sourceTree = "<group>"; };
		C0C3B7A61B4CB79F006800DD /* OverviewSchoolTabViewController.swift */ = {isa = PBXFileReference; fileEncoding = 4; lastKnownFileType = sourcecode.swift; path = OverviewSchoolTabViewController.swift; sourceTree = "<group>"; };
		C0C3B7A91B4CD60A006800DD /* NewsUpdateViewController.swift */ = {isa = PBXFileReference; fileEncoding = 4; lastKnownFileType = sourcecode.swift; path = NewsUpdateViewController.swift; sourceTree = "<group>"; };
		C0C3B7AB1B4CDAC0006800DD /* SchoolRankingViewController.swift */ = {isa = PBXFileReference; fileEncoding = 4; lastKnownFileType = sourcecode.swift; path = SchoolRankingViewController.swift; sourceTree = "<group>"; };
		C0C3B7AD1B4CDB11006800DD /* SchoolApplicationViewController.swift */ = {isa = PBXFileReference; fileEncoding = 4; lastKnownFileType = sourcecode.swift; path = SchoolApplicationViewController.swift; sourceTree = "<group>"; };
		C0C3B7AF1B4CDB28006800DD /* SchoolAcademicViewController.swift */ = {isa = PBXFileReference; fileEncoding = 4; lastKnownFileType = sourcecode.swift; path = SchoolAcademicViewController.swift; sourceTree = "<group>"; };
		C0C3B7B11B4CDB3D006800DD /* SchoolCostViewController.swift */ = {isa = PBXFileReference; fileEncoding = 4; lastKnownFileType = sourcecode.swift; path = SchoolCostViewController.swift; sourceTree = "<group>"; };
		C0C5C14B1B368B3D0035C0BF /* CustomTableViewCell.swift */ = {isa = PBXFileReference; fileEncoding = 4; lastKnownFileType = sourcecode.swift; path = CustomTableViewCell.swift; sourceTree = "<group>"; };
		C0C8F8FA1B2ED89E00D698FC /* ziliuxue.app */ = {isa = PBXFileReference; explicitFileType = wrapper.application; includeInIndex = 0; path = ziliuxue.app; sourceTree = BUILT_PRODUCTS_DIR; };
		C0C8F8FE1B2ED89E00D698FC /* Info.plist */ = {isa = PBXFileReference; lastKnownFileType = text.plist.xml; path = Info.plist; sourceTree = "<group>"; };
		C0C8F8FF1B2ED89E00D698FC /* AppDelegate.swift */ = {isa = PBXFileReference; lastKnownFileType = sourcecode.swift; path = AppDelegate.swift; sourceTree = "<group>"; };
		C0C8F9011B2ED89E00D698FC /* LoginViewController.swift */ = {isa = PBXFileReference; lastKnownFileType = sourcecode.swift; path = LoginViewController.swift; sourceTree = "<group>"; };
		C0C8F9041B2ED89E00D698FC /* Base */ = {isa = PBXFileReference; lastKnownFileType = file.storyboard; name = Base; path = Base.lproj/Main.storyboard; sourceTree = "<group>"; };
		C0C8F9061B2ED89E00D698FC /* Images.xcassets */ = {isa = PBXFileReference; lastKnownFileType = folder.assetcatalog; path = Images.xcassets; sourceTree = "<group>"; };
		C0C8F9091B2ED89E00D698FC /* Base */ = {isa = PBXFileReference; lastKnownFileType = file.xib; name = Base; path = Base.lproj/LaunchScreen.xib; sourceTree = "<group>"; };
		C0C8F90F1B2ED89E00D698FC /* ziliuxueTests.xctest */ = {isa = PBXFileReference; explicitFileType = wrapper.cfbundle; includeInIndex = 0; path = ziliuxueTests.xctest; sourceTree = BUILT_PRODUCTS_DIR; };
		C0C8F9141B2ED89E00D698FC /* Info.plist */ = {isa = PBXFileReference; lastKnownFileType = text.plist.xml; path = Info.plist; sourceTree = "<group>"; };
		C0C8F9151B2ED89E00D698FC /* ziliuxueTests.swift */ = {isa = PBXFileReference; lastKnownFileType = sourcecode.swift; path = ziliuxueTests.swift; sourceTree = "<group>"; };
		C0E8F3531B4F72A700EAEE95 /* CoreLocation.framework */ = {isa = PBXFileReference; lastKnownFileType = wrapper.framework; name = CoreLocation.framework; path = System/Library/Frameworks/CoreLocation.framework; sourceTree = SDKROOT; };
		C0EB7FE11B54C47200DF88CB /* FindClassCollectionViewCell.swift */ = {isa = PBXFileReference; fileEncoding = 4; lastKnownFileType = sourcecode.swift; path = FindClassCollectionViewCell.swift; sourceTree = "<group>"; };
		C0EB7FE31B5543E900DF88CB /* College.swift */ = {isa = PBXFileReference; fileEncoding = 4; lastKnownFileType = sourcecode.swift; path = College.swift; sourceTree = "<group>"; };
		C0F5C0E21B3F93C500A2FA14 /* SchoolDetailViewController.swift */ = {isa = PBXFileReference; fileEncoding = 4; lastKnownFileType = sourcecode.swift; path = SchoolDetailViewController.swift; sourceTree = "<group>"; };
		C0F5C0E41B3FC59300A2FA14 /* SwipeView.h */ = {isa = PBXFileReference; fileEncoding = 4; lastKnownFileType = sourcecode.c.h; path = SwipeView.h; sourceTree = "<group>"; };
		C0F5C0E51B3FC59300A2FA14 /* SwipeView.m */ = {isa = PBXFileReference; fileEncoding = 4; lastKnownFileType = sourcecode.c.objc; path = SwipeView.m; sourceTree = "<group>"; };
		C0F5DF191B4A15A60088A9EE /* FirstTabTableViewCell.swift */ = {isa = PBXFileReference; fileEncoding = 4; lastKnownFileType = sourcecode.swift; path = FirstTabTableViewCell.swift; sourceTree = "<group>"; };
		C0F7A6791B58B23A0022F716 /* ImageIO.framework */ = {isa = PBXFileReference; lastKnownFileType = wrapper.framework; name = ImageIO.framework; path = System/Library/Frameworks/ImageIO.framework; sourceTree = SDKROOT; };
		EB668C83B7354CCF44BD8E39 /* libPods.a */ = {isa = PBXFileReference; explicitFileType = archive.ar; includeInIndex = 0; path = libPods.a; sourceTree = BUILT_PRODUCTS_DIR; };
/* End PBXFileReference section */

/* Begin PBXFrameworksBuildPhase section */
		C0C8F8F71B2ED89E00D698FC /* Frameworks */ = {
			isa = PBXFrameworksBuildPhase;
			buildActionMask = 2147483647;
			files = (
				C0F7A67A1B58B23A0022F716 /* ImageIO.framework in Frameworks */,
				C008A94E1B4FDDE10014554F /* libstdc++.dylib in Frameworks */,
				C008A9481B4FDBF50014554F /* libsqlite3.0.dylib in Frameworks */,
				C008A9461B4FDBEB0014554F /* libz.dylib in Frameworks */,
				C008A9441B4FDBD80014554F /* SystemConfiguration.framework in Frameworks */,
				C0E8F3541B4F72A800EAEE95 /* CoreLocation.framework in Frameworks */,
				C031C22A1B4F726B00277833 /* MapKit.framework in Frameworks */,
				C008A9411B4FDBC00014554F /* libWeChatSDK.a in Frameworks */,
				47CF44BAB11326517D1316EB /* libPods.a in Frameworks */,
			);
			runOnlyForDeploymentPostprocessing = 0;
		};
		C0C8F90C1B2ED89E00D698FC /* Frameworks */ = {
			isa = PBXFrameworksBuildPhase;
			buildActionMask = 2147483647;
			files = (
			);
			runOnlyForDeploymentPostprocessing = 0;
		};
/* End PBXFrameworksBuildPhase section */

/* Begin PBXGroup section */
		1A232EC246CEAF22CEA3B725 /* Pods */ = {
			isa = PBXGroup;
			children = (
				00167EB716BD028099626F64 /* Pods.debug.xcconfig */,
				1C321C7FDF9F7B164B7EC6EC /* Pods.release.xcconfig */,
			);
			name = Pods;
			sourceTree = "<group>";
		};
		6B06404AC2686512A5297FAC /* Frameworks */ = {
			isa = PBXGroup;
			children = (
				C0F7A6791B58B23A0022F716 /* ImageIO.framework */,
				C008A94D1B4FDDE10014554F /* libstdc++.dylib */,
				C008A94B1B4FDD9E0014554F /* Foundation.framework */,
				C008A9491B4FDD990014554F /* UIKit.framework */,
				C008A9471B4FDBF50014554F /* libsqlite3.0.dylib */,
				C008A9451B4FDBEB0014554F /* libz.dylib */,
				C008A9431B4FDBD80014554F /* SystemConfiguration.framework */,
				C0E8F3531B4F72A700EAEE95 /* CoreLocation.framework */,
				C031C2291B4F726B00277833 /* MapKit.framework */,
				EB668C83B7354CCF44BD8E39 /* libPods.a */,
			);
			name = Frameworks;
			sourceTree = "<group>";
		};
		7B9D50811B520B0400B7AA2E /* ProgressHUD */ = {
			isa = PBXGroup;
			children = (
				7B9D50821B520B0400B7AA2E /* ProgressHUD.bundle */,
				7B9D50831B520B0400B7AA2E /* ProgressHUD.h */,
				7B9D50841B520B0400B7AA2E /* ProgressHUD.m */,
			);
			path = ProgressHUD;
			sourceTree = "<group>";
		};
		7BC2AF331B59F99700E5CC32 /* DataModel */ = {
			isa = PBXGroup;
			children = (
				7BC2AF341B59F9C800E5CC32 /* CourseOverView.swift */,
				C0EB7FE31B5543E900DF88CB /* College.swift */,
				7BC2AF361B5A78D100E5CC32 /* CourseDetail.swift */,
			);
			name = DataModel;
			sourceTree = "<group>";
		};
		C008A93C1B4FDBC00014554F /* WeChatSDK_1.5 */ = {
			isa = PBXGroup;
			children = (
				C008A93D1B4FDBC00014554F /* libWeChatSDK.a */,
				C008A93E1B4FDBC00014554F /* read_me.txt */,
				C008A93F1B4FDBC00014554F /* WXApi.h */,
				C008A9401B4FDBC00014554F /* WXApiObject.h */,
			);
			path = WeChatSDK_1.5;
			sourceTree = "<group>";
		};
		C026A73A1B39074400E24908 /* ViewController */ = {
			isa = PBXGroup;
			children = (
				C031F1741B4A0ED3008D96D7 /* TabGroups */,
				C02D6B6E1B4901A900A7FFF1 /* CenterTab */,
				C07B391A1B48195A00C1267A /* LeftDrawer */,
				C026A73C1B39076800E24908 /* Login & Signup */,
				C026A73B1B39075300E24908 /* Wizards */,
			);
			name = ViewController;
			sourceTree = "<group>";
		};
		C026A73B1B39075300E24908 /* Wizards */ = {
			isa = PBXGroup;
			children = (
				C09A67461B4034F40059764F /* 1st */,
				C09A67451B4034E70059764F /* 2nd */,
				C09A67441B4034DF0059764F /* 3rd */,
			);
			name = Wizards;
			sourceTree = "<group>";
		};
		C026A73C1B39076800E24908 /* Login & Signup */ = {
			isa = PBXGroup;
			children = (
				C063F56A1B520A9400B5053B /* BeforeLoginViewController.swift */,
				C0C5C14B1B368B3D0035C0BF /* CustomTableViewCell.swift */,
				C0C8F9011B2ED89E00D698FC /* LoginViewController.swift */,
				C072C5431B369C680055BAFE /* SignUpViewController.swift */,
			);
			name = "Login & Signup";
			sourceTree = "<group>";
		};
		C02D6B6E1B4901A900A7FFF1 /* CenterTab */ = {
			isa = PBXGroup;
			children = (
				C07B39121B480ABE00C1267A /* CenterTabViewController.swift */,
			);
			name = CenterTab;
			sourceTree = "<group>";
		};
		C030F0AE1B4149A500DDDFDD /* MMPickerView */ = {
			isa = PBXGroup;
			children = (
				C030F0AB1B4149A100DDDFDD /* MMPickerView.h */,
				C030F0AC1B4149A100DDDFDD /* MMPickerView.m */,
			);
			name = MMPickerView;
			sourceTree = "<group>";
		};
		C030F0AF1B415F5F00DDDFDD /* CCMPopup */ = {
			isa = PBXGroup;
			children = (
				C030F0B01B415F5F00DDDFDD /* CCMBorderView.h */,
				C030F0B11B415F5F00DDDFDD /* CCMBorderView.m */,
				C030F0B21B415F5F00DDDFDD /* CCMCustomAnimation.h */,
				C030F0B31B415F5F00DDDFDD /* CCMCustomAnimation.m */,
				C030F0B41B415F5F00DDDFDD /* CCMPopupAnimation.h */,
				C030F0B51B415F5F00DDDFDD /* CCMPopupAnimation.m */,
				C030F0B61B415F5F00DDDFDD /* CCMPopupSegue.h */,
				C030F0B71B415F5F00DDDFDD /* CCMPopupSegue.m */,
				C030F0B81B415F5F00DDDFDD /* CCMPopupTransitioning.h */,
				C030F0B91B415F5F00DDDFDD /* CCMPopupTransitioning.m */,
				C030F0BA1B415F5F00DDDFDD /* FXBlurView */,
				C030F0BD1B415F5F00DDDFDD /* UIImage+ImageEffects */,
				C030F0C01B415F5F00DDDFDD /* UIImage+screenshot */,
				C030F0C31B415F5F00DDDFDD /* UIViewController+CCMPopupAnimation.h */,
				C030F0C41B415F5F00DDDFDD /* UIViewController+CCMPopupAnimation.m */,
			);
			path = CCMPopup;
			sourceTree = "<group>";
		};
		C030F0BA1B415F5F00DDDFDD /* FXBlurView */ = {
			isa = PBXGroup;
			children = (
				C030F0BB1B415F5F00DDDFDD /* FXBlurView.h */,
				C030F0BC1B415F5F00DDDFDD /* FXBlurView.m */,
			);
			path = FXBlurView;
			sourceTree = "<group>";
		};
		C030F0BD1B415F5F00DDDFDD /* UIImage+ImageEffects */ = {
			isa = PBXGroup;
			children = (
				C030F0BE1B415F5F00DDDFDD /* UIImage+ImageEffects.h */,
				C030F0BF1B415F5F00DDDFDD /* UIImage+ImageEffects.m */,
			);
			path = "UIImage+ImageEffects";
			sourceTree = "<group>";
		};
		C030F0C01B415F5F00DDDFDD /* UIImage+screenshot */ = {
			isa = PBXGroup;
			children = (
				C030F0C11B415F5F00DDDFDD /* UIImage+screenshot.h */,
				C030F0C21B415F5F00DDDFDD /* UIImage+screenshot.m */,
			);
			path = "UIImage+screenshot";
			sourceTree = "<group>";
		};
		C031F1741B4A0ED3008D96D7 /* TabGroups */ = {
			isa = PBXGroup;
			children = (
				C031F1751B4A0EDC008D96D7 /* StudyPlan */,
				C031F1761B4A0EED008D96D7 /* MySchool */,
				C031F1771B4A0EF9008D96D7 /* FindClass */,
				C031F1781B4A0EFE008D96D7 /* FindService */,
				C0A5B64C1B4A62AF0089B84E /* FindClassmate */,
				C0A5B64D1B4A62B90089B84E /* PersonalInfo */,
			);
			name = TabGroups;
			sourceTree = "<group>";
		};
		C031F1751B4A0EDC008D96D7 /* StudyPlan */ = {
			isa = PBXGroup;
			children = (
				C0F5DF191B4A15A60088A9EE /* FirstTabTableViewCell.swift */,
				C031F1721B4A0EC6008D96D7 /* StudyPlanViewController.swift */,
				C0C3B7A91B4CD60A006800DD /* NewsUpdateViewController.swift */,
			);
			name = StudyPlan;
			sourceTree = "<group>";
		};
		C031F1761B4A0EED008D96D7 /* MySchool */ = {
			isa = PBXGroup;
			children = (
				C0C3B7A81B4CB7B3006800DD /* SpecificSchoolTab */,
				C0C3B7A41B4BBA6E006800DD /* SchoolSepecificTabBarController.swift */,
				C0A5B6401B4A5F420089B84E /* SecondTabViewController.swift */,
			);
			name = MySchool;
			sourceTree = "<group>";
		};
		C031F1771B4A0EF9008D96D7 /* FindClass */ = {
			isa = PBXGroup;
			children = (
				C0EB7FE11B54C47200DF88CB /* FindClassCollectionViewCell.swift */,
				C0A5B63C1B4A2E9C0089B84E /* ThirdTabViewController.swift */,
				C0A5B64E1B4B5C020089B84E /* FindClassViewController.swift */,
				C0A5B6501B4B5C1E0089B84E /* MyClassViewController.swift */,
				C0A5B6521B4B64470089B84E /* CourseViewController.swift */,
				C0A5B6541B4B64980089B84E /* CourseTableViewCell.swift */,
				7B322B111B56A1E800F7ED11 /* CourseDetailViewController.swift */,
				C022E3CE1B4F930600A74E92 /* SimilarCourseTableViewCell.swift */,
			);
			name = FindClass;
			sourceTree = "<group>";
		};
		C031F1781B4A0EFE008D96D7 /* FindService */ = {
			isa = PBXGroup;
			children = (
				C0A5B6461B4A60ED0089B84E /* FourthViewController.swift */,
			);
			name = FindService;
			sourceTree = "<group>";
		};
		C03F5B801B59512E00532AC8 /* MJCollectionViewCell */ = {
			isa = PBXGroup;
			children = (
				C03F5B7D1B59512A00532AC8 /* MJCollectionViewCell.h */,
				C03F5B7E1B59512A00532AC8 /* MJCollectionViewCell.m */,
			);
			name = MJCollectionViewCell;
			sourceTree = "<group>";
		};
		C07B39041B480A6A00C1267A /* MMDrawerController */ = {
			isa = PBXGroup;
			children = (
				C07B39051B480A6A00C1267A /* MMDrawerBarButtonItem.h */,
				C07B39061B480A6A00C1267A /* MMDrawerBarButtonItem.m */,
				C07B39071B480A6A00C1267A /* MMDrawerController+Subclass.h */,
				C07B39081B480A6A00C1267A /* MMDrawerController.h */,
				C07B39091B480A6A00C1267A /* MMDrawerController.m */,
				C07B390A1B480A6A00C1267A /* MMDrawerVisualState.h */,
				C07B390B1B480A6A00C1267A /* MMDrawerVisualState.m */,
				C07B390C1B480A6A00C1267A /* UIViewController+MMDrawerController.h */,
				C07B390D1B480A6A00C1267A /* UIViewController+MMDrawerController.m */,
			);
			path = MMDrawerController;
			sourceTree = "<group>";
		};
		C07B391A1B48195A00C1267A /* LeftDrawer */ = {
			isa = PBXGroup;
			children = (
				C07B39131B480ABE00C1267A /* LeftDrawerTableViewController.swift */,
				C07B39141B480ABE00C1267A /* LeftDrawerTableViewController.xib */,
			);
			name = LeftDrawer;
			sourceTree = "<group>";
		};
		C09A67441B4034DF0059764F /* 3rd */ = {
			isa = PBXGroup;
			children = (
				C0F5C0E21B3F93C500A2FA14 /* SchoolDetailViewController.swift */,
				C026A7431B39080000E24908 /* ThridWizardViewController.swift */,
				C026A7451B39149100E24908 /* ThirdWizardTableViewCell.swift */,
			);
			name = 3rd;
			sourceTree = "<group>";
		};
		C09A67451B4034E70059764F /* 2nd */ = {
			isa = PBXGroup;
			children = (
				C026A7411B3907D800E24908 /* SecondWizardViewController.swift */,
			);
			name = 2nd;
			sourceTree = "<group>";
		};
		C09A67461B4034F40059764F /* 1st */ = {
			isa = PBXGroup;
			children = (
				C09A67421B4034320059764F /* FirstWizardTableViewCell.swift */,
				C026A7381B39072C00E24908 /* FirstWizardViewController.swift */,
				C030F0CE1B4162D300DDDFDD /* PopUpViewController.swift */,
			);
			name = 1st;
			sourceTree = "<group>";
		};
		C0A5B64C1B4A62AF0089B84E /* FindClassmate */ = {
			isa = PBXGroup;
			children = (
				C0A5B64A1B4A62A20089B84E /* FifthTabViewController.swift */,
			);
			name = FindClassmate;
			sourceTree = "<group>";
		};
		C0A5B64D1B4A62B90089B84E /* PersonalInfo */ = {
			isa = PBXGroup;
			children = (
				C0A5B6481B4A62560089B84E /* PersonalInfoViewController.swift */,
			);
			name = PersonalInfo;
			sourceTree = "<group>";
		};
		C0B3B2001B4E0E47000954A9 /* XYPieChart */ = {
			isa = PBXGroup;
			children = (
				C0B3B2011B4E0E47000954A9 /* XYPieChart.h */,
				C0B3B2021B4E0E47000954A9 /* XYPieChart.m */,
			);
			path = XYPieChart;
			sourceTree = "<group>";
		};
		C0C3B7A81B4CB7B3006800DD /* SpecificSchoolTab */ = {
			isa = PBXGroup;
			children = (
				C08905021B4D0541002CC00C /* CollegeInfoTableViewCell.swift */,
				C0C3B7A61B4CB79F006800DD /* OverviewSchoolTabViewController.swift */,
				C0C3B7AB1B4CDAC0006800DD /* SchoolRankingViewController.swift */,
				C0C3B7AD1B4CDB11006800DD /* SchoolApplicationViewController.swift */,
				C0C3B7AF1B4CDB28006800DD /* SchoolAcademicViewController.swift */,
				C0C3B7B11B4CDB3D006800DD /* SchoolCostViewController.swift */,
			);
			name = SpecificSchoolTab;
			sourceTree = "<group>";
		};
		C0C8F8F11B2ED89E00D698FC = {
			isa = PBXGroup;
			children = (
				C0C8F8FC1B2ED89E00D698FC /* ziliuxue */,
				C0C8F9121B2ED89E00D698FC /* ziliuxueTests */,
				C0C8F8FB1B2ED89E00D698FC /* Products */,
				1A232EC246CEAF22CEA3B725 /* Pods */,
				6B06404AC2686512A5297FAC /* Frameworks */,
			);
			sourceTree = "<group>";
		};
		C0C8F8FB1B2ED89E00D698FC /* Products */ = {
			isa = PBXGroup;
			children = (
				C0C8F8FA1B2ED89E00D698FC /* ziliuxue.app */,
				C0C8F90F1B2ED89E00D698FC /* ziliuxueTests.xctest */,
			);
			name = Products;
			sourceTree = "<group>";
		};
		C0C8F8FC1B2ED89E00D698FC /* ziliuxue */ = {
			isa = PBXGroup;
			children = (
				C0F5C0E71B3FC59800A2FA14 /* Library */,
				7BC2AF331B59F99700E5CC32 /* DataModel */,
				C026A73A1B39074400E24908 /* ViewController */,
				C0C8F8FD1B2ED89E00D698FC /* Supporting Files */,
			);
			path = ziliuxue;
			sourceTree = "<group>";
		};
		C0C8F8FD1B2ED89E00D698FC /* Supporting Files */ = {
			isa = PBXGroup;
			children = (
				C022425D1B3CF3EE00B0F0E7 /* Header.h */,
				C0C8F8FF1B2ED89E00D698FC /* AppDelegate.swift */,
				7B9D507F1B520A2D00B7AA2E /* Tool.swift */,
				C0C8F9031B2ED89E00D698FC /* Main.storyboard */,
				C0C8F9061B2ED89E00D698FC /* Images.xcassets */,
				C0C8F9081B2ED89E00D698FC /* LaunchScreen.xib */,
				C0C8F8FE1B2ED89E00D698FC /* Info.plist */,
				C039BEAC1B3A7E1C00C8D5CE /* Utility.swift */,
			);
			name = "Supporting Files";
			sourceTree = "<group>";
		};
		C0C8F9121B2ED89E00D698FC /* ziliuxueTests */ = {
			isa = PBXGroup;
			children = (
				C0C8F9151B2ED89E00D698FC /* ziliuxueTests.swift */,
				C0C8F9131B2ED89E00D698FC /* Supporting Files */,
			);
			path = ziliuxueTests;
			sourceTree = "<group>";
		};
		C0C8F9131B2ED89E00D698FC /* Supporting Files */ = {
			isa = PBXGroup;
			children = (
				C0C8F9141B2ED89E00D698FC /* Info.plist */,
			);
			name = "Supporting Files";
			sourceTree = "<group>";
		};
		C0F5C0E71B3FC59800A2FA14 /* Library */ = {
			isa = PBXGroup;
			children = (
				C03F5B801B59512E00532AC8 /* MJCollectionViewCell */,
				7B9D50811B520B0400B7AA2E /* ProgressHUD */,
				C008A93C1B4FDBC00014554F /* WeChatSDK_1.5 */,
				C0B3B2001B4E0E47000954A9 /* XYPieChart */,
				C07B39041B480A6A00C1267A /* MMDrawerController */,
				C030F0AF1B415F5F00DDDFDD /* CCMPopup */,
				C030F0AE1B4149A500DDDFDD /* MMPickerView */,
				C0F5C0E81B3FC5A200A2FA14 /* SwipeView */,
			);
			name = Library;
			sourceTree = "<group>";
		};
		C0F5C0E81B3FC5A200A2FA14 /* SwipeView */ = {
			isa = PBXGroup;
			children = (
				C0F5C0E41B3FC59300A2FA14 /* SwipeView.h */,
				C0F5C0E51B3FC59300A2FA14 /* SwipeView.m */,
			);
			name = SwipeView;
			sourceTree = "<group>";
		};
/* End PBXGroup section */

/* Begin PBXNativeTarget section */
		C0C8F8F91B2ED89E00D698FC /* ziliuxue */ = {
			isa = PBXNativeTarget;
			buildConfigurationList = C0C8F9191B2ED89E00D698FC /* Build configuration list for PBXNativeTarget "ziliuxue" */;
			buildPhases = (
				BD9122890D2C3619C2DA31AA /* Check Pods Manifest.lock */,
				C0C8F8F61B2ED89E00D698FC /* Sources */,
				C0C8F8F71B2ED89E00D698FC /* Frameworks */,
				C0C8F8F81B2ED89E00D698FC /* Resources */,
				42A2AB2215F6E487832677C8 /* Copy Pods Resources */,
			);
			buildRules = (
			);
			dependencies = (
			);
			name = ziliuxue;
			productName = ziliuxue;
			productReference = C0C8F8FA1B2ED89E00D698FC /* ziliuxue.app */;
			productType = "com.apple.product-type.application";
		};
		C0C8F90E1B2ED89E00D698FC /* ziliuxueTests */ = {
			isa = PBXNativeTarget;
			buildConfigurationList = C0C8F91C1B2ED89E00D698FC /* Build configuration list for PBXNativeTarget "ziliuxueTests" */;
			buildPhases = (
				C0C8F90B1B2ED89E00D698FC /* Sources */,
				C0C8F90C1B2ED89E00D698FC /* Frameworks */,
				C0C8F90D1B2ED89E00D698FC /* Resources */,
			);
			buildRules = (
			);
			dependencies = (
				C0C8F9111B2ED89E00D698FC /* PBXTargetDependency */,
			);
			name = ziliuxueTests;
			productName = ziliuxueTests;
			productReference = C0C8F90F1B2ED89E00D698FC /* ziliuxueTests.xctest */;
			productType = "com.apple.product-type.bundle.unit-test";
		};
/* End PBXNativeTarget section */

/* Begin PBXProject section */
		C0C8F8F21B2ED89E00D698FC /* Project object */ = {
			isa = PBXProject;
			attributes = {
				LastSwiftUpdateCheck = 0700;
				LastUpgradeCheck = 0630;
				ORGANIZATIONNAME = ziliuxue;
				TargetAttributes = {
					C0C8F8F91B2ED89E00D698FC = {
						CreatedOnToolsVersion = 6.3.2;
						DevelopmentTeam = MA3FRWNL5H;
					};
					C0C8F90E1B2ED89E00D698FC = {
						CreatedOnToolsVersion = 6.3.2;
						TestTargetID = C0C8F8F91B2ED89E00D698FC;
					};
				};
			};
			buildConfigurationList = C0C8F8F51B2ED89E00D698FC /* Build configuration list for PBXProject "ziliuxue" */;
			compatibilityVersion = "Xcode 3.2";
			developmentRegion = English;
			hasScannedForEncodings = 0;
			knownRegions = (
				en,
				Base,
			);
			mainGroup = C0C8F8F11B2ED89E00D698FC;
			productRefGroup = C0C8F8FB1B2ED89E00D698FC /* Products */;
			projectDirPath = "";
			projectRoot = "";
			targets = (
				C0C8F8F91B2ED89E00D698FC /* ziliuxue */,
				C0C8F90E1B2ED89E00D698FC /* ziliuxueTests */,
			);
		};
/* End PBXProject section */

/* Begin PBXResourcesBuildPhase section */
		C0C8F8F81B2ED89E00D698FC /* Resources */ = {
			isa = PBXResourcesBuildPhase;
			buildActionMask = 2147483647;
			files = (
				C0C8F9051B2ED89E00D698FC /* Main.storyboard in Resources */,
				C0C8F90A1B2ED89E00D698FC /* LaunchScreen.xib in Resources */,
				7B9D50851B520B0400B7AA2E /* ProgressHUD.bundle in Resources */,
				C0C8F9071B2ED89E00D698FC /* Images.xcassets in Resources */,
				C07B39171B480ABE00C1267A /* LeftDrawerTableViewController.xib in Resources */,
				C008A9421B4FDBC00014554F /* read_me.txt in Resources */,
			);
			runOnlyForDeploymentPostprocessing = 0;
		};
		C0C8F90D1B2ED89E00D698FC /* Resources */ = {
			isa = PBXResourcesBuildPhase;
			buildActionMask = 2147483647;
			files = (
			);
			runOnlyForDeploymentPostprocessing = 0;
		};
/* End PBXResourcesBuildPhase section */

/* Begin PBXShellScriptBuildPhase section */
		42A2AB2215F6E487832677C8 /* Copy Pods Resources */ = {
			isa = PBXShellScriptBuildPhase;
			buildActionMask = 2147483647;
			files = (
			);
			inputPaths = (
			);
			name = "Copy Pods Resources";
			outputPaths = (
			);
			runOnlyForDeploymentPostprocessing = 0;
			shellPath = /bin/sh;
			shellScript = "\"${SRCROOT}/Pods/Target Support Files/Pods/Pods-resources.sh\"\n";
			showEnvVarsInLog = 0;
		};
		BD9122890D2C3619C2DA31AA /* Check Pods Manifest.lock */ = {
			isa = PBXShellScriptBuildPhase;
			buildActionMask = 2147483647;
			files = (
			);
			inputPaths = (
			);
			name = "Check Pods Manifest.lock";
			outputPaths = (
			);
			runOnlyForDeploymentPostprocessing = 0;
			shellPath = /bin/sh;
			shellScript = "diff \"${PODS_ROOT}/../Podfile.lock\" \"${PODS_ROOT}/Manifest.lock\" > /dev/null\nif [[ $? != 0 ]] ; then\n    cat << EOM\nerror: The sandbox is not in sync with the Podfile.lock. Run 'pod install' or update your CocoaPods installation.\nEOM\n    exit 1\nfi\n";
			showEnvVarsInLog = 0;
		};
/* End PBXShellScriptBuildPhase section */

/* Begin PBXSourcesBuildPhase section */
		C0C8F8F61B2ED89E00D698FC /* Sources */ = {
			isa = PBXSourcesBuildPhase;
			buildActionMask = 2147483647;
			files = (
				7BC2AF371B5A78D100E5CC32 /* CourseDetail.swift in Sources */,
				C022E3CF1B4F930600A74E92 /* SimilarCourseTableViewCell.swift in Sources */,
				C0C3B7AA1B4CD60A006800DD /* NewsUpdateViewController.swift in Sources */,
				C030F0CD1B415F5F00DDDFDD /* UIViewController+CCMPopupAnimation.m in Sources */,
				C07B390E1B480A6A00C1267A /* MMDrawerBarButtonItem.m in Sources */,
				C030F0C61B415F5F00DDDFDD /* CCMCustomAnimation.m in Sources */,
				C026A7461B39149100E24908 /* ThirdWizardTableViewCell.swift in Sources */,
				C0B3B2031B4E0E47000954A9 /* XYPieChart.m in Sources */,
				C030F0CA1B415F5F00DDDFDD /* FXBlurView.m in Sources */,
				C0A5B6511B4B5C1E0089B84E /* MyClassViewController.swift in Sources */,
				C0F5DF1A1B4A15A60088A9EE /* FirstTabTableViewCell.swift in Sources */,
				C0C3B7B21B4CDB3D006800DD /* SchoolCostViewController.swift in Sources */,
				7BC2AF351B59F9C800E5CC32 /* CourseOverView.swift in Sources */,
				C0C3B7A71B4CB79F006800DD /* OverviewSchoolTabViewController.swift in Sources */,
				C030F0C81B415F5F00DDDFDD /* CCMPopupSegue.m in Sources */,
				C0F5C0E61B3FC59300A2FA14 /* SwipeView.m in Sources */,
				C0C3B7AC1B4CDAC0006800DD /* SchoolRankingViewController.swift in Sources */,
				C07B39151B480ABE00C1267A /* CenterTabViewController.swift in Sources */,
				7B322B121B56A1E800F7ED11 /* CourseDetailViewController.swift in Sources */,
				C026A7391B39072C00E24908 /* FirstWizardViewController.swift in Sources */,
				C0A5B63D1B4A2E9C0089B84E /* ThirdTabViewController.swift in Sources */,
				C039BEAD1B3A7E1C00C8D5CE /* Utility.swift in Sources */,
				C030F0C71B415F5F00DDDFDD /* CCMPopupAnimation.m in Sources */,
				C030F0AD1B4149A100DDDFDD /* MMPickerView.m in Sources */,
				C0C5C14C1B368B3D0035C0BF /* CustomTableViewCell.swift in Sources */,
				C0A5B6491B4A62560089B84E /* PersonalInfoViewController.swift in Sources */,
				C030F0C51B415F5F00DDDFDD /* CCMBorderView.m in Sources */,
				C09A67431B4034320059764F /* FirstWizardTableViewCell.swift in Sources */,
				C07B39101B480A6A00C1267A /* MMDrawerVisualState.m in Sources */,
				7B9D50801B520A2D00B7AA2E /* Tool.swift in Sources */,
				C07B39111B480A6A00C1267A /* UIViewController+MMDrawerController.m in Sources */,
				C0C3B7A51B4BBA6E006800DD /* SchoolSepecificTabBarController.swift in Sources */,
				C0EB7FE21B54C47200DF88CB /* FindClassCollectionViewCell.swift in Sources */,
				C07B39161B480ABE00C1267A /* LeftDrawerTableViewController.swift in Sources */,
				C0C8F9021B2ED89E00D698FC /* LoginViewController.swift in Sources */,
				C0A5B64F1B4B5C020089B84E /* FindClassViewController.swift in Sources */,
				C0A5B6551B4B64980089B84E /* CourseTableViewCell.swift in Sources */,
				C0A5B6411B4A5F420089B84E /* SecondTabViewController.swift in Sources */,
				7B9D50861B520B0400B7AA2E /* ProgressHUD.m in Sources */,
				C072C5441B369C680055BAFE /* SignUpViewController.swift in Sources */,
				C0A5B6531B4B64470089B84E /* CourseViewController.swift in Sources */,
				C0A5B6471B4A60ED0089B84E /* FourthViewController.swift in Sources */,
				C0EB7FE41B5543E900DF88CB /* College.swift in Sources */,
				C0C3B7B01B4CDB28006800DD /* SchoolAcademicViewController.swift in Sources */,
				C08905031B4D0541002CC00C /* CollegeInfoTableViewCell.swift in Sources */,
				C07B390F1B480A6A00C1267A /* MMDrawerController.m in Sources */,
				C063F56B1B520A9400B5053B /* BeforeLoginViewController.swift in Sources */,
				C0A5B64B1B4A62A20089B84E /* FifthTabViewController.swift in Sources */,
				C026A7421B3907D800E24908 /* SecondWizardViewController.swift in Sources */,
				C030F0C91B415F5F00DDDFDD /* CCMPopupTransitioning.m in Sources */,
				C030F0CC1B415F5F00DDDFDD /* UIImage+screenshot.m in Sources */,
				C030F0CB1B415F5F00DDDFDD /* UIImage+ImageEffects.m in Sources */,
				C031F1731B4A0EC6008D96D7 /* StudyPlanViewController.swift in Sources */,
				C0C3B7AE1B4CDB11006800DD /* SchoolApplicationViewController.swift in Sources */,
				C030F0CF1B4162D300DDDFDD /* PopUpViewController.swift in Sources */,
				C026A7441B39080000E24908 /* ThridWizardViewController.swift in Sources */,
				C03F5B7F1B59512A00532AC8 /* MJCollectionViewCell.m in Sources */,
				C0F5C0E31B3F93C500A2FA14 /* SchoolDetailViewController.swift in Sources */,
				C0C8F9001B2ED89E00D698FC /* AppDelegate.swift in Sources */,
			);
			runOnlyForDeploymentPostprocessing = 0;
		};
		C0C8F90B1B2ED89E00D698FC /* Sources */ = {
			isa = PBXSourcesBuildPhase;
			buildActionMask = 2147483647;
			files = (
				C0C8F9161B2ED89E00D698FC /* ziliuxueTests.swift in Sources */,
			);
			runOnlyForDeploymentPostprocessing = 0;
		};
/* End PBXSourcesBuildPhase section */

/* Begin PBXTargetDependency section */
		C0C8F9111B2ED89E00D698FC /* PBXTargetDependency */ = {
			isa = PBXTargetDependency;
			target = C0C8F8F91B2ED89E00D698FC /* ziliuxue */;
			targetProxy = C0C8F9101B2ED89E00D698FC /* PBXContainerItemProxy */;
		};
/* End PBXTargetDependency section */

/* Begin PBXVariantGroup section */
		C0C8F9031B2ED89E00D698FC /* Main.storyboard */ = {
			isa = PBXVariantGroup;
			children = (
				C0C8F9041B2ED89E00D698FC /* Base */,
			);
			name = Main.storyboard;
			sourceTree = "<group>";
		};
		C0C8F9081B2ED89E00D698FC /* LaunchScreen.xib */ = {
			isa = PBXVariantGroup;
			children = (
				C0C8F9091B2ED89E00D698FC /* Base */,
			);
			name = LaunchScreen.xib;
			sourceTree = "<group>";
		};
/* End PBXVariantGroup section */

/* Begin XCBuildConfiguration section */
		C0C8F9171B2ED89E00D698FC /* Debug */ = {
			isa = XCBuildConfiguration;
			buildSettings = {
				ALWAYS_SEARCH_USER_PATHS = NO;
				CLANG_CXX_LANGUAGE_STANDARD = "gnu++0x";
				CLANG_CXX_LIBRARY = "libc++";
				CLANG_ENABLE_MODULES = YES;
				CLANG_ENABLE_OBJC_ARC = YES;
				CLANG_WARN_BOOL_CONVERSION = YES;
				CLANG_WARN_CONSTANT_CONVERSION = YES;
				CLANG_WARN_DIRECT_OBJC_ISA_USAGE = YES_ERROR;
				CLANG_WARN_EMPTY_BODY = YES;
				CLANG_WARN_ENUM_CONVERSION = YES;
				CLANG_WARN_INT_CONVERSION = YES;
				CLANG_WARN_OBJC_ROOT_CLASS = YES_ERROR;
				CLANG_WARN_UNREACHABLE_CODE = YES;
				CLANG_WARN__DUPLICATE_METHOD_MATCH = YES;
				"CODE_SIGN_IDENTITY[sdk=iphoneos*]" = "iPhone Developer";
				COPY_PHASE_STRIP = NO;
				DEBUG_INFORMATION_FORMAT = "dwarf-with-dsym";
				ENABLE_STRICT_OBJC_MSGSEND = YES;
				GCC_C_LANGUAGE_STANDARD = gnu99;
				GCC_DYNAMIC_NO_PIC = NO;
				GCC_NO_COMMON_BLOCKS = YES;
				GCC_OPTIMIZATION_LEVEL = 0;
				GCC_PREPROCESSOR_DEFINITIONS = (
					"DEBUG=1",
					"$(inherited)",
				);
				GCC_SYMBOLS_PRIVATE_EXTERN = NO;
				GCC_WARN_64_TO_32_BIT_CONVERSION = YES;
				GCC_WARN_ABOUT_RETURN_TYPE = YES_ERROR;
				GCC_WARN_UNDECLARED_SELECTOR = YES;
				GCC_WARN_UNINITIALIZED_AUTOS = YES_AGGRESSIVE;
				GCC_WARN_UNUSED_FUNCTION = YES;
				GCC_WARN_UNUSED_VARIABLE = YES;
				IPHONEOS_DEPLOYMENT_TARGET = 7.0;
				MTL_ENABLE_DEBUG_INFO = YES;
				ONLY_ACTIVE_ARCH = YES;
				SDKROOT = iphoneos;
				SWIFT_OPTIMIZATION_LEVEL = "-Onone";
				TARGETED_DEVICE_FAMILY = "1,2";
			};
			name = Debug;
		};
		C0C8F9181B2ED89E00D698FC /* Release */ = {
			isa = XCBuildConfiguration;
			buildSettings = {
				ALWAYS_SEARCH_USER_PATHS = NO;
				CLANG_CXX_LANGUAGE_STANDARD = "gnu++0x";
				CLANG_CXX_LIBRARY = "libc++";
				CLANG_ENABLE_MODULES = YES;
				CLANG_ENABLE_OBJC_ARC = YES;
				CLANG_WARN_BOOL_CONVERSION = YES;
				CLANG_WARN_CONSTANT_CONVERSION = YES;
				CLANG_WARN_DIRECT_OBJC_ISA_USAGE = YES_ERROR;
				CLANG_WARN_EMPTY_BODY = YES;
				CLANG_WARN_ENUM_CONVERSION = YES;
				CLANG_WARN_INT_CONVERSION = YES;
				CLANG_WARN_OBJC_ROOT_CLASS = YES_ERROR;
				CLANG_WARN_UNREACHABLE_CODE = YES;
				CLANG_WARN__DUPLICATE_METHOD_MATCH = YES;
				"CODE_SIGN_IDENTITY[sdk=iphoneos*]" = "iPhone Developer";
				COPY_PHASE_STRIP = NO;
				DEBUG_INFORMATION_FORMAT = "dwarf-with-dsym";
				ENABLE_NS_ASSERTIONS = NO;
				ENABLE_STRICT_OBJC_MSGSEND = YES;
				GCC_C_LANGUAGE_STANDARD = gnu99;
				GCC_NO_COMMON_BLOCKS = YES;
				GCC_WARN_64_TO_32_BIT_CONVERSION = YES;
				GCC_WARN_ABOUT_RETURN_TYPE = YES_ERROR;
				GCC_WARN_UNDECLARED_SELECTOR = YES;
				GCC_WARN_UNINITIALIZED_AUTOS = YES_AGGRESSIVE;
				GCC_WARN_UNUSED_FUNCTION = YES;
				GCC_WARN_UNUSED_VARIABLE = YES;
				IPHONEOS_DEPLOYMENT_TARGET = 7.0;
				MTL_ENABLE_DEBUG_INFO = NO;
				SDKROOT = iphoneos;
				TARGETED_DEVICE_FAMILY = "1,2";
				VALIDATE_PRODUCT = YES;
			};
			name = Release;
		};
		C0C8F91A1B2ED89E00D698FC /* Debug */ = {
			isa = XCBuildConfiguration;
			baseConfigurationReference = 00167EB716BD028099626F64 /* Pods.debug.xcconfig */;
			buildSettings = {
				ASSETCATALOG_COMPILER_APPICON_NAME = AppIcon;
				ASSETCATALOG_COMPILER_LAUNCHIMAGE_NAME = LaunchImage;
				CODE_SIGN_IDENTITY = "iPhone Developer";
				INFOPLIST_FILE = ziliuxue/Info.plist;
				IPHONEOS_DEPLOYMENT_TARGET = 8.0;
				LD_RUNPATH_SEARCH_PATHS = "$(inherited) @executable_path/Frameworks";
				LIBRARY_SEARCH_PATHS = (
					"$(inherited)",
					"$(PROJECT_DIR)/ziliuxue/WeChatSDK_1.5",
				);
				PRODUCT_NAME = "$(TARGET_NAME)";
				SWIFT_OBJC_BRIDGING_HEADER = ziliuxue/Header.h;
			};
			name = Debug;
		};
		C0C8F91B1B2ED89E00D698FC /* Release */ = {
			isa = XCBuildConfiguration;
			baseConfigurationReference = 1C321C7FDF9F7B164B7EC6EC /* Pods.release.xcconfig */;
			buildSettings = {
				ASSETCATALOG_COMPILER_APPICON_NAME = AppIcon;
				ASSETCATALOG_COMPILER_LAUNCHIMAGE_NAME = LaunchImage;
				CODE_SIGN_IDENTITY = "iPhone Developer";
				INFOPLIST_FILE = ziliuxue/Info.plist;
				IPHONEOS_DEPLOYMENT_TARGET = 8.0;
				LD_RUNPATH_SEARCH_PATHS = "$(inherited) @executable_path/Frameworks";
				LIBRARY_SEARCH_PATHS = (
					"$(inherited)",
					"$(PROJECT_DIR)/ziliuxue/WeChatSDK_1.5",
				);
				PRODUCT_NAME = "$(TARGET_NAME)";
				SWIFT_OBJC_BRIDGING_HEADER = ziliuxue/Header.h;
			};
			name = Release;
		};
		C0C8F91D1B2ED89E00D698FC /* Debug */ = {
			isa = XCBuildConfiguration;
			buildSettings = {
				BUNDLE_LOADER = "$(TEST_HOST)";
				FRAMEWORK_SEARCH_PATHS = (
					"$(SDKROOT)/Developer/Library/Frameworks",
					"$(inherited)",
				);
				GCC_PREPROCESSOR_DEFINITIONS = (
					"DEBUG=1",
					"$(inherited)",
				);
				INFOPLIST_FILE = ziliuxueTests/Info.plist;
				LD_RUNPATH_SEARCH_PATHS = "$(inherited) @executable_path/Frameworks @loader_path/Frameworks";
				PRODUCT_NAME = "$(TARGET_NAME)";
				TEST_HOST = "$(BUILT_PRODUCTS_DIR)/ziliuxue.app/ziliuxue";
			};
			name = Debug;
		};
		C0C8F91E1B2ED89E00D698FC /* Release */ = {
			isa = XCBuildConfiguration;
			buildSettings = {
				BUNDLE_LOADER = "$(TEST_HOST)";
				FRAMEWORK_SEARCH_PATHS = (
					"$(SDKROOT)/Developer/Library/Frameworks",
					"$(inherited)",
				);
				INFOPLIST_FILE = ziliuxueTests/Info.plist;
				LD_RUNPATH_SEARCH_PATHS = "$(inherited) @executable_path/Frameworks @loader_path/Frameworks";
				PRODUCT_NAME = "$(TARGET_NAME)";
				TEST_HOST = "$(BUILT_PRODUCTS_DIR)/ziliuxue.app/ziliuxue";
			};
			name = Release;
		};
/* End XCBuildConfiguration section */

/* Begin XCConfigurationList section */
		C0C8F8F51B2ED89E00D698FC /* Build configuration list for PBXProject "ziliuxue" */ = {
			isa = XCConfigurationList;
			buildConfigurations = (
				C0C8F9171B2ED89E00D698FC /* Debug */,
				C0C8F9181B2ED89E00D698FC /* Release */,
			);
			defaultConfigurationIsVisible = 0;
			defaultConfigurationName = Release;
		};
		C0C8F9191B2ED89E00D698FC /* Build configuration list for PBXNativeTarget "ziliuxue" */ = {
			isa = XCConfigurationList;
			buildConfigurations = (
				C0C8F91A1B2ED89E00D698FC /* Debug */,
				C0C8F91B1B2ED89E00D698FC /* Release */,
			);
			defaultConfigurationIsVisible = 0;
			defaultConfigurationName = Release;
		};
		C0C8F91C1B2ED89E00D698FC /* Build configuration list for PBXNativeTarget "ziliuxueTests" */ = {
			isa = XCConfigurationList;
			buildConfigurations = (
				C0C8F91D1B2ED89E00D698FC /* Debug */,
				C0C8F91E1B2ED89E00D698FC /* Release */,
			);
			defaultConfigurationIsVisible = 0;
			defaultConfigurationName = Release;
		};
/* End XCConfigurationList section */
	};
	rootObject = C0C8F8F21B2ED89E00D698FC /* Project object */;
}
