PODS:
  - AFNetworking (2.6.0):
    - AFNetworking/NSURLConnection (= 2.6.0)
    - AFNetworking/NSURLSession (= 2.6.0)
    - AFNetworking/Reachability (= 2.6.0)
    - AFNetworking/Security (= 2.6.0)
    - AFNetworking/Serialization (= 2.6.0)
    - AFNetworking/UIKit (= 2.6.0)
  - AFNetworking/NSURLConnection (2.6.0):
    - AFNetworking/Reachability
    - AFNetworking/Security
    - AFNetworking/Serialization
  - AFNetworking/NSURLSession (2.6.0):
    - AFNetworking/Reachability
    - AFNetworking/Security
    - AFNetworking/Serialization
  - AFNetworking/Reachability (2.6.0)
  - AFNetworking/Security (2.6.0)
  - AFNetworking/Serialization (2.6.0)
  - AFNetworking/UIKit (2.6.0):
    - AFNetworking/NSURLConnection
    - AFNetworking/NSURLSession
  - IQKeyboardManager (3.3.2)
  - pop (1.0.8)
  - RegexKitLite (4.0)
  - SDWebImage (3.7.0.45):
    - RegexKitLite (= 4.0)
    - WebP
  - WebP (2.0.0)
  - WeiboSDK (3.1.1)

DEPENDENCIES:
  - AFNetworking (~> 2.0)
  - IQKeyboardManager
  - pop (~> 1.0)
  - SDWebImage (~> 3.7)
  - WeiboSDK (from `https://github.com/sinaweibosdk/weibo_ios_sdk`)

EXTERNAL SOURCES:
  WeiboSDK:
    :git: https://github.com/sinaweibosdk/weibo_ios_sdk

CHECKOUT OPTIONS:
  WeiboSDK:
    :commit: 271a8eb2861736f6f9066c79c600ec8ed111bc10
    :git: https://github.com/sinaweibosdk/weibo_ios_sdk

SPEC CHECKSUMS:
  AFNetworking: a3151c2bfb2edb038b8ce0da89471b488dcfb96f
  IQKeyboardManager: 1d2048845aca0238ef7d214411953ced2f83f8d0
  pop: 33ef7afe61c559586cc5a95a3f0bf2238dbee157
  RegexKitLite: 320861de33c6897474ccfcf5f6973283c92fce33
  SDWebImage: 3dcff6550f886a45b5c724850795bc06da1bedd9
  WebP: 8536946a217e6b95cb49f7856a305ffcba58fa33
  WeiboSDK: 52d18b690ef58d10dc2d999b2e45cbb7d2d9acb5

COCOAPODS: 0.35.0
